// !$*UTF8*$!
{
	archiveVersion = 1;
	classes = {
	};
	objectVersion = 46;
	objects = {

/* Begin PBXBuildFile section */
		11019A69122AE59E00F322BB /* MediaPlayer.framework in Frameworks */ = {isa = PBXBuildFile; fileRef = 11019A68122AE59E00F322BB /* MediaPlayer.framework */; };
		1102D068123A234F00591557 /* tomad_01.png in Resources */ = {isa = PBXBuildFile; fileRef = 1102D066123A234F00591557 /* tomad_01.png */; };
		1102D069123A234F00591557 /* tomad_02.png in Resources */ = {isa = PBXBuildFile; fileRef = 1102D067123A234F00591557 /* tomad_02.png */; };
		1102D0A4123A494800591557 /* epoch.caf in Resources */ = {isa = PBXBuildFile; fileRef = 1102D0A3123A494800591557 /* epoch.caf */; };
		11078AA613CB1BFE0054905E /* WebReaderViewController.m in Sources */ = {isa = PBXBuildFile; fileRef = 11078AA413CB1BFE0054905E /* WebReaderViewController.m */; };
		11078AA713CB1BFE0054905E /* WebReaderViewController.xib in Resources */ = {isa = PBXBuildFile; fileRef = 11078AA513CB1BFE0054905E /* WebReaderViewController.xib */; };
		1107D1AA13C7082900FF8EC0 /* TextListViewController.m in Sources */ = {isa = PBXBuildFile; fileRef = 1107D1A813C7082900FF8EC0 /* TextListViewController.m */; };
		1107D1AB13C7082900FF8EC0 /* TextListViewController.xib in Resources */ = {isa = PBXBuildFile; fileRef = 1107D1A913C7082900FF8EC0 /* TextListViewController.xib */; };
		1109187212C4AA8C00B90764 /* ReleaseViewController.xib in Resources */ = {isa = PBXBuildFile; fileRef = 1109187112C4AA8C00B90764 /* ReleaseViewController.xib */; };
		1109191612C4C60900B90764 /* seal_fix01.png in Resources */ = {isa = PBXBuildFile; fileRef = 1109190812C4C60900B90764 /* seal_fix01.png */; };
		1109191712C4C60900B90764 /* seal_fix02.png in Resources */ = {isa = PBXBuildFile; fileRef = 1109190912C4C60900B90764 /* seal_fix02.png */; };
		1109191812C4C60900B90764 /* seal_fix03.png in Resources */ = {isa = PBXBuildFile; fileRef = 1109190A12C4C60900B90764 /* seal_fix03.png */; };
		1109191912C4C60900B90764 /* seal_fix04.png in Resources */ = {isa = PBXBuildFile; fileRef = 1109190B12C4C60900B90764 /* seal_fix04.png */; };
		1109191A12C4C60900B90764 /* seal_fix05.png in Resources */ = {isa = PBXBuildFile; fileRef = 1109190C12C4C60900B90764 /* seal_fix05.png */; };
		1109191B12C4C60900B90764 /* seal_fix06.png in Resources */ = {isa = PBXBuildFile; fileRef = 1109190D12C4C60900B90764 /* seal_fix06.png */; };
		1109191C12C4C60900B90764 /* seal_fix07.png in Resources */ = {isa = PBXBuildFile; fileRef = 1109190E12C4C60900B90764 /* seal_fix07.png */; };
		1109191D12C4C60900B90764 /* seal_fix08.png in Resources */ = {isa = PBXBuildFile; fileRef = 1109190F12C4C60900B90764 /* seal_fix08.png */; };
		1109191E12C4C60900B90764 /* seal_fix09.png in Resources */ = {isa = PBXBuildFile; fileRef = 1109191012C4C60900B90764 /* seal_fix09.png */; };
		1109191F12C4C60900B90764 /* seal_fix10.png in Resources */ = {isa = PBXBuildFile; fileRef = 1109191112C4C60900B90764 /* seal_fix10.png */; };
		1109192012C4C60900B90764 /* seal_fix11.png in Resources */ = {isa = PBXBuildFile; fileRef = 1109191212C4C60900B90764 /* seal_fix11.png */; };
		1109192112C4C60900B90764 /* seal_fix12.png in Resources */ = {isa = PBXBuildFile; fileRef = 1109191312C4C60900B90764 /* seal_fix12.png */; };
		1109192212C4C60900B90764 /* seal_fix13.png in Resources */ = {isa = PBXBuildFile; fileRef = 1109191412C4C60900B90764 /* seal_fix13.png */; };
		1109192312C4C60900B90764 /* seal_fix14.png in Resources */ = {isa = PBXBuildFile; fileRef = 1109191512C4C60900B90764 /* seal_fix14.png */; };
		1109193212C4C61900B90764 /* seal_fix01@2x.png in Resources */ = {isa = PBXBuildFile; fileRef = 1109192412C4C61900B90764 /* seal_fix01@2x.png */; };
		1109193312C4C61900B90764 /* seal_fix02@2x.png in Resources */ = {isa = PBXBuildFile; fileRef = 1109192512C4C61900B90764 /* seal_fix02@2x.png */; };
		1109193412C4C61900B90764 /* seal_fix03@2x.png in Resources */ = {isa = PBXBuildFile; fileRef = 1109192612C4C61900B90764 /* seal_fix03@2x.png */; };
		1109193512C4C61900B90764 /* seal_fix04@2x.png in Resources */ = {isa = PBXBuildFile; fileRef = 1109192712C4C61900B90764 /* seal_fix04@2x.png */; };
		1109193612C4C61900B90764 /* seal_fix05@2x.png in Resources */ = {isa = PBXBuildFile; fileRef = 1109192812C4C61900B90764 /* seal_fix05@2x.png */; };
		1109193712C4C61900B90764 /* seal_fix06@2x.png in Resources */ = {isa = PBXBuildFile; fileRef = 1109192912C4C61900B90764 /* seal_fix06@2x.png */; };
		1109193812C4C61900B90764 /* seal_fix07@2x.png in Resources */ = {isa = PBXBuildFile; fileRef = 1109192A12C4C61900B90764 /* seal_fix07@2x.png */; };
		1109193912C4C61900B90764 /* seal_fix08@2x.png in Resources */ = {isa = PBXBuildFile; fileRef = 1109192B12C4C61900B90764 /* seal_fix08@2x.png */; };
		1109193A12C4C61900B90764 /* seal_fix09@2x.png in Resources */ = {isa = PBXBuildFile; fileRef = 1109192C12C4C61900B90764 /* seal_fix09@2x.png */; };
		1109193B12C4C61900B90764 /* seal_fix10@2x.png in Resources */ = {isa = PBXBuildFile; fileRef = 1109192D12C4C61900B90764 /* seal_fix10@2x.png */; };
		1109193C12C4C61900B90764 /* seal_fix11@2x.png in Resources */ = {isa = PBXBuildFile; fileRef = 1109192E12C4C61900B90764 /* seal_fix11@2x.png */; };
		1109193D12C4C61900B90764 /* seal_fix12@2x.png in Resources */ = {isa = PBXBuildFile; fileRef = 1109192F12C4C61900B90764 /* seal_fix12@2x.png */; };
		1109193E12C4C61900B90764 /* seal_fix13@2x.png in Resources */ = {isa = PBXBuildFile; fileRef = 1109193012C4C61900B90764 /* seal_fix13@2x.png */; };
		1109193F12C4C61900B90764 /* seal_fix14@2x.png in Resources */ = {isa = PBXBuildFile; fileRef = 1109193112C4C61900B90764 /* seal_fix14@2x.png */; };
		110A511912AA4F40003365A3 /* UIAlertView+Helper.m in Sources */ = {isa = PBXBuildFile; fileRef = 110A511812AA4F40003365A3 /* UIAlertView+Helper.m */; settings = {COMPILER_FLAGS = "-fno-objc-arc"; }; };
		11152A03148A0F3900A86DA2 /* RCUIWindow.m in Sources */ = {isa = PBXBuildFile; fileRef = 11152A02148A0F3900A86DA2 /* RCUIWindow.m */; };
		113E16201653A9D200A225C2 /* MGTwitterEngine.m in Sources */ = {isa = PBXBuildFile; fileRef = 113E161A1653A9D200A225C2 /* MGTwitterEngine.m */; settings = {COMPILER_FLAGS = "-fno-objc-arc"; }; };
		113E16211653A9D200A225C2 /* MGTwitterHTTPURLConnection.m in Sources */ = {isa = PBXBuildFile; fileRef = 113E161D1653A9D200A225C2 /* MGTwitterHTTPURLConnection.m */; settings = {COMPILER_FLAGS = "-fno-objc-arc"; }; };
		113E162F1653AA0100A225C2 /* MGTwitterLibXMLParser.m in Sources */ = {isa = PBXBuildFile; fileRef = 113E16241653AA0100A225C2 /* MGTwitterLibXMLParser.m */; settings = {COMPILER_FLAGS = "-fno-objc-arc"; }; };
		113E16301653AA0100A225C2 /* MGTwitterStatusesLibXMLParser.m in Sources */ = {isa = PBXBuildFile; fileRef = 113E16261653AA0100A225C2 /* MGTwitterStatusesLibXMLParser.m */; settings = {COMPILER_FLAGS = "-fno-objc-arc"; }; };
		113E16311653AA0100A225C2 /* MGTwitterUsersLibXMLParser.m in Sources */ = {isa = PBXBuildFile; fileRef = 113E16281653AA0100A225C2 /* MGTwitterUsersLibXMLParser.m */; settings = {COMPILER_FLAGS = "-fno-objc-arc"; }; };
		113E16321653AA0100A225C2 /* MGTwitterMessagesLibXMLParser.m in Sources */ = {isa = PBXBuildFile; fileRef = 113E162A1653AA0100A225C2 /* MGTwitterMessagesLibXMLParser.m */; settings = {COMPILER_FLAGS = "-fno-objc-arc"; }; };
		113E16331653AA0100A225C2 /* MGTwitterMiscLibXMLParser.m in Sources */ = {isa = PBXBuildFile; fileRef = 113E162C1653AA0100A225C2 /* MGTwitterMiscLibXMLParser.m */; settings = {COMPILER_FLAGS = "-fno-objc-arc"; }; };
		113E16341653AA0100A225C2 /* MGTwitterSocialGraphLibXMLParser.m in Sources */ = {isa = PBXBuildFile; fileRef = 113E162E1653AA0100A225C2 /* MGTwitterSocialGraphLibXMLParser.m */; settings = {COMPILER_FLAGS = "-fno-objc-arc"; }; };
		113E163A1653AA3200A225C2 /* NSString+UUID.m in Sources */ = {isa = PBXBuildFile; fileRef = 113E16371653AA3200A225C2 /* NSString+UUID.m */; settings = {COMPILER_FLAGS = "-fno-objc-arc"; }; };
		113E163B1653AA3200A225C2 /* NSData+Base64.m in Sources */ = {isa = PBXBuildFile; fileRef = 113E16391653AA3200A225C2 /* NSData+Base64.m */; settings = {COMPILER_FLAGS = "-fno-objc-arc"; }; };
		113E163C1653AA5E00A225C2 /* NSMutableURLRequest+Parameters.m in Sources */ = {isa = PBXBuildFile; fileRef = 113E16131653A99100A225C2 /* NSMutableURLRequest+Parameters.m */; settings = {COMPILER_FLAGS = "-fno-objc-arc"; }; };
		113E163D1653AA5E00A225C2 /* NSString+URLEncoding.m in Sources */ = {isa = PBXBuildFile; fileRef = 113E16151653A99100A225C2 /* NSString+URLEncoding.m */; settings = {COMPILER_FLAGS = "-fno-objc-arc"; }; };
		113E163E1653AA5E00A225C2 /* NSURL+Base.m in Sources */ = {isa = PBXBuildFile; fileRef = 113E16171653A99100A225C2 /* NSURL+Base.m */; settings = {COMPILER_FLAGS = "-fno-objc-arc"; }; };
		113E163F1653AA5E00A225C2 /* OACall.m in Sources */ = {isa = PBXBuildFile; fileRef = 113E15F31653A91F00A225C2 /* OACall.m */; settings = {COMPILER_FLAGS = "-fno-objc-arc"; }; };
		113E16401653AA5E00A225C2 /* OAConsumer.m in Sources */ = {isa = PBXBuildFile; fileRef = 113E15F51653A91F00A225C2 /* OAConsumer.m */; settings = {COMPILER_FLAGS = "-fno-objc-arc"; }; };
		113E16411653AA5E00A225C2 /* OADataFetcher.m in Sources */ = {isa = PBXBuildFile; fileRef = 113E15F71653A91F00A225C2 /* OADataFetcher.m */; settings = {COMPILER_FLAGS = "-fno-objc-arc"; }; };
		113E16421653AA5E00A225C2 /* OAHMAC_SHA1SignatureProvider.m in Sources */ = {isa = PBXBuildFile; fileRef = 113E15F91653A91F00A225C2 /* OAHMAC_SHA1SignatureProvider.m */; settings = {COMPILER_FLAGS = "-fno-objc-arc"; }; };
		113E16431653AA5E00A225C2 /* OAMutableURLRequest.m in Sources */ = {isa = PBXBuildFile; fileRef = 113E15FB1653A91F00A225C2 /* OAMutableURLRequest.m */; settings = {COMPILER_FLAGS = "-fno-objc-arc"; }; };
		113E16441653AA5E00A225C2 /* OAPlaintextSignatureProvider.m in Sources */ = {isa = PBXBuildFile; fileRef = 113E15FD1653A91F00A225C2 /* OAPlaintextSignatureProvider.m */; settings = {COMPILER_FLAGS = "-fno-objc-arc"; }; };
		113E16451653AA5E00A225C2 /* OAProblem.m in Sources */ = {isa = PBXBuildFile; fileRef = 113E15FF1653A91F00A225C2 /* OAProblem.m */; settings = {COMPILER_FLAGS = "-fno-objc-arc"; }; };
		113E16461653AA5E00A225C2 /* OARequestParameter.m in Sources */ = {isa = PBXBuildFile; fileRef = 113E16011653A91F00A225C2 /* OARequestParameter.m */; settings = {COMPILER_FLAGS = "-fno-objc-arc"; }; };
		113E16471653AA5E00A225C2 /* OAServiceTicket.m in Sources */ = {isa = PBXBuildFile; fileRef = 113E16031653A91F00A225C2 /* OAServiceTicket.m */; settings = {COMPILER_FLAGS = "-fno-objc-arc"; }; };
		113E16481653AA5E00A225C2 /* OAToken.m in Sources */ = {isa = PBXBuildFile; fileRef = 113E16061653A91F00A225C2 /* OAToken.m */; settings = {COMPILER_FLAGS = "-fno-objc-arc"; }; };
		113E164A1653AC7900A225C2 /* Security.framework in Frameworks */ = {isa = PBXBuildFile; fileRef = 113E16491653AC7900A225C2 /* Security.framework */; };
		1144F94A121AEBDA0037FE71 /* NewsViewController.m in Sources */ = {isa = PBXBuildFile; fileRef = 1144F948121AEBDA0037FE71 /* NewsViewController.m */; };
		1144F94B121AEBDA0037FE71 /* NewsViewController.xib in Resources */ = {isa = PBXBuildFile; fileRef = 1144F949121AEBDA0037FE71 /* NewsViewController.xib */; };
		1144F94F121AEBEE0037FE71 /* ReleaseViewController.m in Sources */ = {isa = PBXBuildFile; fileRef = 1144F94D121AEBEE0037FE71 /* ReleaseViewController.m */; };
		1144F954121AEC0C0037FE71 /* FavoritesViewController.m in Sources */ = {isa = PBXBuildFile; fileRef = 1144F952121AEC0C0037FE71 /* FavoritesViewController.m */; };
		1144F955121AEC0C0037FE71 /* FavoritesViewController.xib in Resources */ = {isa = PBXBuildFile; fileRef = 1144F953121AEC0C0037FE71 /* FavoritesViewController.xib */; };
		1144F9D5121D053C0037FE71 /* AlbumViewController.m in Sources */ = {isa = PBXBuildFile; fileRef = 1144F9D3121D053C0037FE71 /* AlbumViewController.m */; };
		1144F9D6121D053C0037FE71 /* AlbumViewController.xib in Resources */ = {isa = PBXBuildFile; fileRef = 1144F9D4121D053C0037FE71 /* AlbumViewController.xib */; };
		1144FABE121E602F0037FE71 /* UIAsyncImageView.m in Sources */ = {isa = PBXBuildFile; fileRef = 1144FABD121E602F0037FE71 /* UIAsyncImageView.m */; };
		1144FAE9121E6AA20037FE71 /* PlayerViewController.m in Sources */ = {isa = PBXBuildFile; fileRef = 1144FAE7121E6AA20037FE71 /* PlayerViewController.m */; };
		1144FAEA121E6AA20037FE71 /* PlayerViewController.xib in Resources */ = {isa = PBXBuildFile; fileRef = 1144FAE8121E6AA20037FE71 /* PlayerViewController.xib */; };
		1144FAF7121E74FE0037FE71 /* playback_next.png in Resources */ = {isa = PBXBuildFile; fileRef = 1144FAF3121E74FE0037FE71 /* playback_next.png */; };
		1144FAF8121E74FE0037FE71 /* playback_pause.png in Resources */ = {isa = PBXBuildFile; fileRef = 1144FAF4121E74FE0037FE71 /* playback_pause.png */; };
		1144FAF9121E74FE0037FE71 /* playback_play.png in Resources */ = {isa = PBXBuildFile; fileRef = 1144FAF5121E74FE0037FE71 /* playback_play.png */; };
		1144FAFA121E74FE0037FE71 /* playback_prev.png in Resources */ = {isa = PBXBuildFile; fileRef = 1144FAF6121E74FE0037FE71 /* playback_prev.png */; };
		1144FB8E121E9F1D0037FE71 /* AVFoundation.framework in Frameworks */ = {isa = PBXBuildFile; fileRef = 1144FB8D121E9F1D0037FE71 /* AVFoundation.framework */; };
		114ABF8E14A2FCCB0091BF62 /* Default@2x.png in Resources */ = {isa = PBXBuildFile; fileRef = 114ABF8D14A2FCCB0091BF62 /* Default@2x.png */; };
		114ABF9014A2FD940091BF62 /* Default.png in Resources */ = {isa = PBXBuildFile; fileRef = 114ABF8F14A2FD940091BF62 /* Default.png */; };
		1161CBB71244A72800739CB3 /* Icon-72.png in Resources */ = {isa = PBXBuildFile; fileRef = 1161CBB41244A72800739CB3 /* Icon-72.png */; };
		1161CBB81244A72800739CB3 /* Icon.png in Resources */ = {isa = PBXBuildFile; fileRef = 1161CBB51244A72800739CB3 /* Icon.png */; };
		1161CBB91244A72800739CB3 /* Icon@2x.png in Resources */ = {isa = PBXBuildFile; fileRef = 1161CBB61244A72800739CB3 /* Icon@2x.png */; };
		11643EFD12A245F300A4B13F /* libxml2.dylib in Frameworks */ = {isa = PBXBuildFile; fileRef = 11643EFC12A245F300A4B13F /* libxml2.dylib */; };
		1164401612A42D5100A4B13F /* MAL_logo.png in Resources */ = {isa = PBXBuildFile; fileRef = 1164401512A42D5100A4B13F /* MAL_logo.png */; };
		118041181299448300EC20A1 /* ipod_shuffle_right_white.png in Resources */ = {isa = PBXBuildFile; fileRef = 118041171299448300EC20A1 /* ipod_shuffle_right_white.png */; };
		1180411C1299452A00EC20A1 /* ipod_shuffle_right_white@2x.png in Resources */ = {isa = PBXBuildFile; fileRef = 1180411B1299452A00EC20A1 /* ipod_shuffle_right_white@2x.png */; };
		11A4AF881450675500304BA9 /* 96-book.png in Resources */ = {isa = PBXBuildFile; fileRef = 11A4AF871450675500304BA9 /* 96-book.png */; };
		11B1830F1356F3AC00F4A822 /* TweetCommentViewController.m in Sources */ = {isa = PBXBuildFile; fileRef = 11B1830D1356F3AC00F4A822 /* TweetCommentViewController.m */; };
		11B183101356F3AC00F4A822 /* TweetCommentViewController.xib in Resources */ = {isa = PBXBuildFile; fileRef = 11B1830E1356F3AC00F4A822 /* TweetCommentViewController.xib */; };
		11B9C725121EEF64008ED520 /* AudioToolbox.framework in Frameworks */ = {isa = PBXBuildFile; fileRef = 11B9C724121EEF64008ED520 /* AudioToolbox.framework */; };
		11B9C75E121EEFF1008ED520 /* CFNetwork.framework in Frameworks */ = {isa = PBXBuildFile; fileRef = 11B9C75D121EEFF1008ED520 /* CFNetwork.framework */; };
		11D6DE2B123665C300017E7B /* Localizable.strings in Resources */ = {isa = PBXBuildFile; fileRef = 11D6DE2A123665C300017E7B /* Localizable.strings */; };
		11D6DE2E1236662500017E7B /* MainWindow.xib in Resources */ = {isa = PBXBuildFile; fileRef = 11D6DE2D1236662500017E7B /* MainWindow.xib */; };
		11DE43B516560ADD0092F6B6 /* FacebookSDK.framework in Frameworks */ = {isa = PBXBuildFile; fileRef = 11DE43B416560ADD0092F6B6 /* FacebookSDK.framework */; };
		11DE43B716560B1F0092F6B6 /* FBUserSettingsViewResources.bundle in Resources */ = {isa = PBXBuildFile; fileRef = 11DE43B616560B1F0092F6B6 /* FBUserSettingsViewResources.bundle */; };
		11DE43B916560B470092F6B6 /* Accounts.framework in Frameworks */ = {isa = PBXBuildFile; fileRef = 11DE43B816560B470092F6B6 /* Accounts.framework */; };
		11DE43BB16560B510092F6B6 /* AdSupport.framework in Frameworks */ = {isa = PBXBuildFile; fileRef = 11DE43BA16560B510092F6B6 /* AdSupport.framework */; };
		11DE43BD16560B6A0092F6B6 /* Social.framework in Frameworks */ = {isa = PBXBuildFile; fileRef = 11DE43BC16560B6A0092F6B6 /* Social.framework */; };
		11E335031225EBD700375172 /* AlbumTableViewCell.m in Sources */ = {isa = PBXBuildFile; fileRef = 11E335021225EBD700375172 /* AlbumTableViewCell.m */; };
		11E335051225EC2400375172 /* AlbumTableViewCell.xib in Resources */ = {isa = PBXBuildFile; fileRef = 11E335041225EC2400375172 /* AlbumTableViewCell.xib */; };
		11EC5E3C121FA8D900F3DE68 /* music.png in Resources */ = {isa = PBXBuildFile; fileRef = 11EC5E3B121FA8D900F3DE68 /* music.png */; };
		11EC5E3E121FA8EC00F3DE68 /* info.png in Resources */ = {isa = PBXBuildFile; fileRef = 11EC5E3D121FA8EC00F3DE68 /* info.png */; };
		11EC5E4F121FB25400F3DE68 /* MultilineTitleView.xib in Resources */ = {isa = PBXBuildFile; fileRef = 11EC5E4E121FB25400F3DE68 /* MultilineTitleView.xib */; };
		11EC5E57121FB6F900F3DE68 /* MultilineTitleView.m in Sources */ = {isa = PBXBuildFile; fileRef = 11EC5E56121FB6F900F3DE68 /* MultilineTitleView.m */; };
		11EC5F7A122020BA00F3DE68 /* star_fav.png in Resources */ = {isa = PBXBuildFile; fileRef = 11EC5F79122020BA00F3DE68 /* star_fav.png */; };
		11EC6080122129E300F3DE68 /* dummy.png in Resources */ = {isa = PBXBuildFile; fileRef = 11EC607F122129E300F3DE68 /* dummy.png */; };
		11EC60F81221755300F3DE68 /* QuartzCore.framework in Frameworks */ = {isa = PBXBuildFile; fileRef = 11EC60F71221755300F3DE68 /* QuartzCore.framework */; };
		11F2BDBC1653B32700F99072 /* Base64Transcoder.c in Sources */ = {isa = PBXBuildFile; fileRef = 113E160B1653A97C00A225C2 /* Base64Transcoder.c */; settings = {COMPILER_FLAGS = "-fno-objc-arc"; }; };
		11F2BDBD1653B32700F99072 /* hmac.c in Sources */ = {isa = PBXBuildFile; fileRef = 113E160D1653A97C00A225C2 /* hmac.c */; settings = {COMPILER_FLAGS = "-fno-objc-arc"; }; };
		11F2BDBE1653B32700F99072 /* sha1.c in Sources */ = {isa = PBXBuildFile; fileRef = 113E160F1653A97C00A225C2 /* sha1.c */; settings = {COMPILER_FLAGS = "-fno-objc-arc"; }; };
		11F7839F12A544D900430B56 /* SettingViewController.m in Sources */ = {isa = PBXBuildFile; fileRef = 11F7839D12A544D900430B56 /* SettingViewController.m */; };
		11F783A012A544D900430B56 /* SettingViewController.xib in Resources */ = {isa = PBXBuildFile; fileRef = 11F7839E12A544D900430B56 /* SettingViewController.xib */; };
		11F95AC814F50916000DA31E /* icon3030_21.png in Resources */ = {isa = PBXBuildFile; fileRef = 11F95AC614F50916000DA31E /* icon3030_21.png */; };
		11F95AC914F50916000DA31E /* icon3030_22.png in Resources */ = {isa = PBXBuildFile; fileRef = 11F95AC714F50916000DA31E /* icon3030_22.png */; };
		11FBF429122D249C00D2F9CC /* AboutViewController.m in Sources */ = {isa = PBXBuildFile; fileRef = 11FBF427122D249C00D2F9CC /* AboutViewController.m */; };
		11FBF42A122D249C00D2F9CC /* AboutViewController.xib in Resources */ = {isa = PBXBuildFile; fileRef = 11FBF428122D249C00D2F9CC /* AboutViewController.xib */; };
		11FBF439122D9DE400D2F9CC /* maru50_image.png in Resources */ = {isa = PBXBuildFile; fileRef = 11FBF438122D9DE400D2F9CC /* maru50_image.png */; };
		11FBF455122DC83100D2F9CC /* mp3.png in Resources */ = {isa = PBXBuildFile; fileRef = 11FBF454122DC83100D2F9CC /* mp3.png */; };
		11FBF468122E3DF100D2F9CC /* icon3030_65.png in Resources */ = {isa = PBXBuildFile; fileRef = 11FBF467122E3DF100D2F9CC /* icon3030_65.png */; };
		11FBF46A122E3E4E00D2F9CC /* icon3030_42.png in Resources */ = {isa = PBXBuildFile; fileRef = 11FBF469122E3E4E00D2F9CC /* icon3030_42.png */; };
		11FBF46C122E3E8A00D2F9CC /* 120-headphones.png in Resources */ = {isa = PBXBuildFile; fileRef = 11FBF46B122E3E8A00D2F9CC /* 120-headphones.png */; };
		11FBF47A122E40AA00D2F9CC /* icon3030_46.png in Resources */ = {isa = PBXBuildFile; fileRef = 11FBF479122E40AA00D2F9CC /* icon3030_46.png */; };
		11FCD1661488B62300C5F651 /* AudioStreamer.m in Sources */ = {isa = PBXBuildFile; fileRef = 11FCD1651488B62300C5F651 /* AudioStreamer.m */; settings = {COMPILER_FLAGS = "-fno-objc-arc"; }; };
		1D3623260D0F684500981E51 /* MaltineAppDelegate.m in Sources */ = {isa = PBXBuildFile; fileRef = 1D3623250D0F684500981E51 /* MaltineAppDelegate.m */; };
		1D60589B0D05DD56006BFB54 /* main.m in Sources */ = {isa = PBXBuildFile; fileRef = 29B97316FDCFA39411CA2CEA /* main.m */; };
		1D60589F0D05DD5A006BFB54 /* Foundation.framework in Frameworks */ = {isa = PBXBuildFile; fileRef = 1D30AB110D05D00D00671497 /* Foundation.framework */; };
		1DF5F4E00D08C38300B7A737 /* UIKit.framework in Frameworks */ = {isa = PBXBuildFile; fileRef = 1DF5F4DF0D08C38300B7A737 /* UIKit.framework */; };
		288765080DF74369002DB57D /* CoreGraphics.framework in Frameworks */ = {isa = PBXBuildFile; fileRef = 288765070DF74369002DB57D /* CoreGraphics.framework */; };
/* End PBXBuildFile section */

/* Begin PBXFileReference section */
		11019A68122AE59E00F322BB /* MediaPlayer.framework */ = {isa = PBXFileReference; lastKnownFileType = wrapper.framework; name = MediaPlayer.framework; path = System/Library/Frameworks/MediaPlayer.framework; sourceTree = SDKROOT; };
		1102D066123A234F00591557 /* tomad_01.png */ = {isa = PBXFileReference; lastKnownFileType = image.png; path = tomad_01.png; sourceTree = "<group>"; };
		1102D067123A234F00591557 /* tomad_02.png */ = {isa = PBXFileReference; lastKnownFileType = image.png; path = tomad_02.png; sourceTree = "<group>"; };
		1102D0A3123A494800591557 /* epoch.caf */ = {isa = PBXFileReference; lastKnownFileType = file; path = epoch.caf; sourceTree = "<group>"; };
		11078AA313CB1BFE0054905E /* WebReaderViewController.h */ = {isa = PBXFileReference; fileEncoding = 4; lastKnownFileType = sourcecode.c.h; path = WebReaderViewController.h; sourceTree = "<group>"; };
		11078AA413CB1BFE0054905E /* WebReaderViewController.m */ = {isa = PBXFileReference; fileEncoding = 4; lastKnownFileType = sourcecode.c.objc; path = WebReaderViewController.m; sourceTree = "<group>"; };
		11078AA513CB1BFE0054905E /* WebReaderViewController.xib */ = {isa = PBXFileReference; fileEncoding = 4; lastKnownFileType = file.xib; path = WebReaderViewController.xib; sourceTree = "<group>"; };
		1107D1A713C7082900FF8EC0 /* TextListViewController.h */ = {isa = PBXFileReference; fileEncoding = 4; lastKnownFileType = sourcecode.c.h; path = TextListViewController.h; sourceTree = "<group>"; };
		1107D1A813C7082900FF8EC0 /* TextListViewController.m */ = {isa = PBXFileReference; fileEncoding = 4; lastKnownFileType = sourcecode.c.objc; path = TextListViewController.m; sourceTree = "<group>"; };
		1107D1A913C7082900FF8EC0 /* TextListViewController.xib */ = {isa = PBXFileReference; fileEncoding = 4; lastKnownFileType = file.xib; path = TextListViewController.xib; sourceTree = "<group>"; };
		1109187312C4AA9900B90764 /* Japanese */ = {isa = PBXFileReference; lastKnownFileType = file.xib; name = Japanese; path = Japanese.lproj/ReleaseViewController.xib; sourceTree = "<group>"; };
		1109190812C4C60900B90764 /* seal_fix01.png */ = {isa = PBXFileReference; lastKnownFileType = image.png; path = seal_fix01.png; sourceTree = "<group>"; };
		1109190912C4C60900B90764 /* seal_fix02.png */ = {isa = PBXFileReference; lastKnownFileType = image.png; path = seal_fix02.png; sourceTree = "<group>"; };
		1109190A12C4C60900B90764 /* seal_fix03.png */ = {isa = PBXFileReference; lastKnownFileType = image.png; path = seal_fix03.png; sourceTree = "<group>"; };
		1109190B12C4C60900B90764 /* seal_fix04.png */ = {isa = PBXFileReference; lastKnownFileType = image.png; path = seal_fix04.png; sourceTree = "<group>"; };
		1109190C12C4C60900B90764 /* seal_fix05.png */ = {isa = PBXFileReference; lastKnownFileType = image.png; path = seal_fix05.png; sourceTree = "<group>"; };
		1109190D12C4C60900B90764 /* seal_fix06.png */ = {isa = PBXFileReference; lastKnownFileType = image.png; path = seal_fix06.png; sourceTree = "<group>"; };
		1109190E12C4C60900B90764 /* seal_fix07.png */ = {isa = PBXFileReference; lastKnownFileType = image.png; path = seal_fix07.png; sourceTree = "<group>"; };
		1109190F12C4C60900B90764 /* seal_fix08.png */ = {isa = PBXFileReference; lastKnownFileType = image.png; path = seal_fix08.png; sourceTree = "<group>"; };
		1109191012C4C60900B90764 /* seal_fix09.png */ = {isa = PBXFileReference; lastKnownFileType = image.png; path = seal_fix09.png; sourceTree = "<group>"; };
		1109191112C4C60900B90764 /* seal_fix10.png */ = {isa = PBXFileReference; lastKnownFileType = image.png; path = seal_fix10.png; sourceTree = "<group>"; };
		1109191212C4C60900B90764 /* seal_fix11.png */ = {isa = PBXFileReference; lastKnownFileType = image.png; path = seal_fix11.png; sourceTree = "<group>"; };
		1109191312C4C60900B90764 /* seal_fix12.png */ = {isa = PBXFileReference; lastKnownFileType = image.png; path = seal_fix12.png; sourceTree = "<group>"; };
		1109191412C4C60900B90764 /* seal_fix13.png */ = {isa = PBXFileReference; lastKnownFileType = image.png; path = seal_fix13.png; sourceTree = "<group>"; };
		1109191512C4C60900B90764 /* seal_fix14.png */ = {isa = PBXFileReference; lastKnownFileType = image.png; path = seal_fix14.png; sourceTree = "<group>"; };
		1109192412C4C61900B90764 /* seal_fix01@2x.png */ = {isa = PBXFileReference; lastKnownFileType = image.png; path = "seal_fix01@2x.png"; sourceTree = "<group>"; };
		1109192512C4C61900B90764 /* seal_fix02@2x.png */ = {isa = PBXFileReference; lastKnownFileType = image.png; path = "seal_fix02@2x.png"; sourceTree = "<group>"; };
		1109192612C4C61900B90764 /* seal_fix03@2x.png */ = {isa = PBXFileReference; lastKnownFileType = image.png; path = "seal_fix03@2x.png"; sourceTree = "<group>"; };
		1109192712C4C61900B90764 /* seal_fix04@2x.png */ = {isa = PBXFileReference; lastKnownFileType = image.png; path = "seal_fix04@2x.png"; sourceTree = "<group>"; };
		1109192812C4C61900B90764 /* seal_fix05@2x.png */ = {isa = PBXFileReference; lastKnownFileType = image.png; path = "seal_fix05@2x.png"; sourceTree = "<group>"; };
		1109192912C4C61900B90764 /* seal_fix06@2x.png */ = {isa = PBXFileReference; lastKnownFileType = image.png; path = "seal_fix06@2x.png"; sourceTree = "<group>"; };
		1109192A12C4C61900B90764 /* seal_fix07@2x.png */ = {isa = PBXFileReference; lastKnownFileType = image.png; path = "seal_fix07@2x.png"; sourceTree = "<group>"; };
		1109192B12C4C61900B90764 /* seal_fix08@2x.png */ = {isa = PBXFileReference; lastKnownFileType = image.png; path = "seal_fix08@2x.png"; sourceTree = "<group>"; };
		1109192C12C4C61900B90764 /* seal_fix09@2x.png */ = {isa = PBXFileReference; lastKnownFileType = image.png; path = "seal_fix09@2x.png"; sourceTree = "<group>"; };
		1109192D12C4C61900B90764 /* seal_fix10@2x.png */ = {isa = PBXFileReference; lastKnownFileType = image.png; path = "seal_fix10@2x.png"; sourceTree = "<group>"; };
		1109192E12C4C61900B90764 /* seal_fix11@2x.png */ = {isa = PBXFileReference; lastKnownFileType = image.png; path = "seal_fix11@2x.png"; sourceTree = "<group>"; };
		1109192F12C4C61900B90764 /* seal_fix12@2x.png */ = {isa = PBXFileReference; lastKnownFileType = image.png; path = "seal_fix12@2x.png"; sourceTree = "<group>"; };
		1109193012C4C61900B90764 /* seal_fix13@2x.png */ = {isa = PBXFileReference; lastKnownFileType = image.png; path = "seal_fix13@2x.png"; sourceTree = "<group>"; };
		1109193112C4C61900B90764 /* seal_fix14@2x.png */ = {isa = PBXFileReference; lastKnownFileType = image.png; path = "seal_fix14@2x.png"; sourceTree = "<group>"; };
		110A511712AA4F40003365A3 /* UIAlertView+Helper.h */ = {isa = PBXFileReference; fileEncoding = 4; lastKnownFileType = sourcecode.c.h; path = "UIAlertView+Helper.h"; sourceTree = "<group>"; };
		110A511812AA4F40003365A3 /* UIAlertView+Helper.m */ = {isa = PBXFileReference; fileEncoding = 4; lastKnownFileType = sourcecode.c.objc; path = "UIAlertView+Helper.m"; sourceTree = "<group>"; };
		11152A01148A0F3900A86DA2 /* RCUIWindow.h */ = {isa = PBXFileReference; fileEncoding = 4; lastKnownFileType = sourcecode.c.h; path = RCUIWindow.h; sourceTree = "<group>"; };
		11152A02148A0F3900A86DA2 /* RCUIWindow.m */ = {isa = PBXFileReference; fileEncoding = 4; lastKnownFileType = sourcecode.c.objc; path = RCUIWindow.m; sourceTree = "<group>"; };
		113E15F21653A91F00A225C2 /* OACall.h */ = {isa = PBXFileReference; lastKnownFileType = sourcecode.c.h; path = OACall.h; sourceTree = "<group>"; };
		113E15F31653A91F00A225C2 /* OACall.m */ = {isa = PBXFileReference; lastKnownFileType = sourcecode.c.objc; path = OACall.m; sourceTree = "<group>"; };
		113E15F41653A91F00A225C2 /* OAConsumer.h */ = {isa = PBXFileReference; lastKnownFileType = sourcecode.c.h; path = OAConsumer.h; sourceTree = "<group>"; };
		113E15F51653A91F00A225C2 /* OAConsumer.m */ = {isa = PBXFileReference; lastKnownFileType = sourcecode.c.objc; path = OAConsumer.m; sourceTree = "<group>"; };
		113E15F61653A91F00A225C2 /* OADataFetcher.h */ = {isa = PBXFileReference; lastKnownFileType = sourcecode.c.h; path = OADataFetcher.h; sourceTree = "<group>"; };
		113E15F71653A91F00A225C2 /* OADataFetcher.m */ = {isa = PBXFileReference; lastKnownFileType = sourcecode.c.objc; path = OADataFetcher.m; sourceTree = "<group>"; };
		113E15F81653A91F00A225C2 /* OAHMAC_SHA1SignatureProvider.h */ = {isa = PBXFileReference; lastKnownFileType = sourcecode.c.h; path = OAHMAC_SHA1SignatureProvider.h; sourceTree = "<group>"; };
		113E15F91653A91F00A225C2 /* OAHMAC_SHA1SignatureProvider.m */ = {isa = PBXFileReference; lastKnownFileType = sourcecode.c.objc; path = OAHMAC_SHA1SignatureProvider.m; sourceTree = "<group>"; };
		113E15FA1653A91F00A225C2 /* OAMutableURLRequest.h */ = {isa = PBXFileReference; lastKnownFileType = sourcecode.c.h; path = OAMutableURLRequest.h; sourceTree = "<group>"; };
		113E15FB1653A91F00A225C2 /* OAMutableURLRequest.m */ = {isa = PBXFileReference; lastKnownFileType = sourcecode.c.objc; path = OAMutableURLRequest.m; sourceTree = "<group>"; };
		113E15FC1653A91F00A225C2 /* OAPlaintextSignatureProvider.h */ = {isa = PBXFileReference; lastKnownFileType = sourcecode.c.h; path = OAPlaintextSignatureProvider.h; sourceTree = "<group>"; };
		113E15FD1653A91F00A225C2 /* OAPlaintextSignatureProvider.m */ = {isa = PBXFileReference; lastKnownFileType = sourcecode.c.objc; path = OAPlaintextSignatureProvider.m; sourceTree = "<group>"; };
		113E15FE1653A91F00A225C2 /* OAProblem.h */ = {isa = PBXFileReference; lastKnownFileType = sourcecode.c.h; path = OAProblem.h; sourceTree = "<group>"; };
		113E15FF1653A91F00A225C2 /* OAProblem.m */ = {isa = PBXFileReference; lastKnownFileType = sourcecode.c.objc; path = OAProblem.m; sourceTree = "<group>"; };
		113E16001653A91F00A225C2 /* OARequestParameter.h */ = {isa = PBXFileReference; lastKnownFileType = sourcecode.c.h; path = OARequestParameter.h; sourceTree = "<group>"; };
		113E16011653A91F00A225C2 /* OARequestParameter.m */ = {isa = PBXFileReference; lastKnownFileType = sourcecode.c.objc; path = OARequestParameter.m; sourceTree = "<group>"; };
		113E16021653A91F00A225C2 /* OAServiceTicket.h */ = {isa = PBXFileReference; lastKnownFileType = sourcecode.c.h; path = OAServiceTicket.h; sourceTree = "<group>"; };
		113E16031653A91F00A225C2 /* OAServiceTicket.m */ = {isa = PBXFileReference; lastKnownFileType = sourcecode.c.objc; path = OAServiceTicket.m; sourceTree = "<group>"; };
		113E16041653A91F00A225C2 /* OASignatureProviding.h */ = {isa = PBXFileReference; lastKnownFileType = sourcecode.c.h; path = OASignatureProviding.h; sourceTree = "<group>"; };
		113E16051653A91F00A225C2 /* OAToken.h */ = {isa = PBXFileReference; lastKnownFileType = sourcecode.c.h; path = OAToken.h; sourceTree = "<group>"; };
		113E16061653A91F00A225C2 /* OAToken.m */ = {isa = PBXFileReference; lastKnownFileType = sourcecode.c.objc; path = OAToken.m; sourceTree = "<group>"; };
		113E16071653A91F00A225C2 /* OAuthConsumer.h */ = {isa = PBXFileReference; lastKnownFileType = sourcecode.c.h; path = OAuthConsumer.h; sourceTree = "<group>"; };
		113E160B1653A97C00A225C2 /* Base64Transcoder.c */ = {isa = PBXFileReference; lastKnownFileType = sourcecode.c.c; path = Base64Transcoder.c; sourceTree = "<group>"; };
		113E160C1653A97C00A225C2 /* Base64Transcoder.h */ = {isa = PBXFileReference; lastKnownFileType = sourcecode.c.h; path = Base64Transcoder.h; sourceTree = "<group>"; };
		113E160D1653A97C00A225C2 /* hmac.c */ = {isa = PBXFileReference; lastKnownFileType = sourcecode.c.c; path = hmac.c; sourceTree = "<group>"; };
		113E160E1653A97C00A225C2 /* hmac.h */ = {isa = PBXFileReference; lastKnownFileType = sourcecode.c.h; path = hmac.h; sourceTree = "<group>"; };
		113E160F1653A97C00A225C2 /* sha1.c */ = {isa = PBXFileReference; lastKnownFileType = sourcecode.c.c; path = sha1.c; sourceTree = "<group>"; };
		113E16101653A97C00A225C2 /* sha1.h */ = {isa = PBXFileReference; lastKnownFileType = sourcecode.c.h; path = sha1.h; sourceTree = "<group>"; };
		113E16121653A99100A225C2 /* NSMutableURLRequest+Parameters.h */ = {isa = PBXFileReference; lastKnownFileType = sourcecode.c.h; path = "NSMutableURLRequest+Parameters.h"; sourceTree = "<group>"; };
		113E16131653A99100A225C2 /* NSMutableURLRequest+Parameters.m */ = {isa = PBXFileReference; lastKnownFileType = sourcecode.c.objc; path = "NSMutableURLRequest+Parameters.m"; sourceTree = "<group>"; };
		113E16141653A99100A225C2 /* NSString+URLEncoding.h */ = {isa = PBXFileReference; lastKnownFileType = sourcecode.c.h; path = "NSString+URLEncoding.h"; sourceTree = "<group>"; };
		113E16151653A99100A225C2 /* NSString+URLEncoding.m */ = {isa = PBXFileReference; lastKnownFileType = sourcecode.c.objc; path = "NSString+URLEncoding.m"; sourceTree = "<group>"; };
		113E16161653A99100A225C2 /* NSURL+Base.h */ = {isa = PBXFileReference; lastKnownFileType = sourcecode.c.h; path = "NSURL+Base.h"; sourceTree = "<group>"; };
		113E16171653A99100A225C2 /* NSURL+Base.m */ = {isa = PBXFileReference; lastKnownFileType = sourcecode.c.objc; path = "NSURL+Base.m"; sourceTree = "<group>"; };
		113E16181653A9D200A225C2 /* MGTwitterEngineGlobalHeader.h */ = {isa = PBXFileReference; fileEncoding = 4; lastKnownFileType = sourcecode.c.h; path = MGTwitterEngineGlobalHeader.h; sourceTree = "<group>"; };
		113E16191653A9D200A225C2 /* MGTwitterEngine.h */ = {isa = PBXFileReference; fileEncoding = 4; lastKnownFileType = sourcecode.c.h; path = MGTwitterEngine.h; sourceTree = "<group>"; };
		113E161A1653A9D200A225C2 /* MGTwitterEngine.m */ = {isa = PBXFileReference; fileEncoding = 4; lastKnownFileType = sourcecode.c.objc; path = MGTwitterEngine.m; sourceTree = "<group>"; };
		113E161B1653A9D200A225C2 /* MGTwitterEngineDelegate.h */ = {isa = PBXFileReference; fileEncoding = 4; lastKnownFileType = sourcecode.c.h; path = MGTwitterEngineDelegate.h; sourceTree = "<group>"; };
		113E161C1653A9D200A225C2 /* MGTwitterHTTPURLConnection.h */ = {isa = PBXFileReference; fileEncoding = 4; lastKnownFileType = sourcecode.c.h; path = MGTwitterHTTPURLConnection.h; sourceTree = "<group>"; };
		113E161D1653A9D200A225C2 /* MGTwitterHTTPURLConnection.m */ = {isa = PBXFileReference; fileEncoding = 4; lastKnownFileType = sourcecode.c.objc; path = MGTwitterHTTPURLConnection.m; sourceTree = "<group>"; };
		113E161E1653A9D200A225C2 /* MGTwitterRequestTypes.h */ = {isa = PBXFileReference; fileEncoding = 4; lastKnownFileType = sourcecode.c.h; path = MGTwitterRequestTypes.h; sourceTree = "<group>"; };
		113E161F1653A9D200A225C2 /* MGTwitterParserDelegate.h */ = {isa = PBXFileReference; fileEncoding = 4; lastKnownFileType = sourcecode.c.h; path = MGTwitterParserDelegate.h; sourceTree = "<group>"; };
		113E16231653AA0100A225C2 /* MGTwitterLibXMLParser.h */ = {isa = PBXFileReference; fileEncoding = 4; lastKnownFileType = sourcecode.c.h; path = MGTwitterLibXMLParser.h; sourceTree = "<group>"; };
		113E16241653AA0100A225C2 /* MGTwitterLibXMLParser.m */ = {isa = PBXFileReference; fileEncoding = 4; lastKnownFileType = sourcecode.c.objc; path = MGTwitterLibXMLParser.m; sourceTree = "<group>"; };
		113E16251653AA0100A225C2 /* MGTwitterStatusesLibXMLParser.h */ = {isa = PBXFileReference; fileEncoding = 4; lastKnownFileType = sourcecode.c.h; path = MGTwitterStatusesLibXMLParser.h; sourceTree = "<group>"; };
		113E16261653AA0100A225C2 /* MGTwitterStatusesLibXMLParser.m */ = {isa = PBXFileReference; fileEncoding = 4; lastKnownFileType = sourcecode.c.objc; path = MGTwitterStatusesLibXMLParser.m; sourceTree = "<group>"; };
		113E16271653AA0100A225C2 /* MGTwitterUsersLibXMLParser.h */ = {isa = PBXFileReference; fileEncoding = 4; lastKnownFileType = sourcecode.c.h; path = MGTwitterUsersLibXMLParser.h; sourceTree = "<group>"; };
		113E16281653AA0100A225C2 /* MGTwitterUsersLibXMLParser.m */ = {isa = PBXFileReference; fileEncoding = 4; lastKnownFileType = sourcecode.c.objc; path = MGTwitterUsersLibXMLParser.m; sourceTree = "<group>"; };
		113E16291653AA0100A225C2 /* MGTwitterMessagesLibXMLParser.h */ = {isa = PBXFileReference; fileEncoding = 4; lastKnownFileType = sourcecode.c.h; path = MGTwitterMessagesLibXMLParser.h; sourceTree = "<group>"; };
		113E162A1653AA0100A225C2 /* MGTwitterMessagesLibXMLParser.m */ = {isa = PBXFileReference; fileEncoding = 4; lastKnownFileType = sourcecode.c.objc; path = MGTwitterMessagesLibXMLParser.m; sourceTree = "<group>"; };
		113E162B1653AA0100A225C2 /* MGTwitterMiscLibXMLParser.h */ = {isa = PBXFileReference; fileEncoding = 4; lastKnownFileType = sourcecode.c.h; path = MGTwitterMiscLibXMLParser.h; sourceTree = "<group>"; };
		113E162C1653AA0100A225C2 /* MGTwitterMiscLibXMLParser.m */ = {isa = PBXFileReference; fileEncoding = 4; lastKnownFileType = sourcecode.c.objc; path = MGTwitterMiscLibXMLParser.m; sourceTree = "<group>"; };
		113E162D1653AA0100A225C2 /* MGTwitterSocialGraphLibXMLParser.h */ = {isa = PBXFileReference; fileEncoding = 4; lastKnownFileType = sourcecode.c.h; path = MGTwitterSocialGraphLibXMLParser.h; sourceTree = "<group>"; };
		113E162E1653AA0100A225C2 /* MGTwitterSocialGraphLibXMLParser.m */ = {isa = PBXFileReference; fileEncoding = 4; lastKnownFileType = sourcecode.c.objc; path = MGTwitterSocialGraphLibXMLParser.m; sourceTree = "<group>"; };
		113E16361653AA3200A225C2 /* NSString+UUID.h */ = {isa = PBXFileReference; fileEncoding = 4; lastKnownFileType = sourcecode.c.h; path = "NSString+UUID.h"; sourceTree = "<group>"; };
		113E16371653AA3200A225C2 /* NSString+UUID.m */ = {isa = PBXFileReference; fileEncoding = 4; lastKnownFileType = sourcecode.c.objc; path = "NSString+UUID.m"; sourceTree = "<group>"; };
		113E16381653AA3200A225C2 /* NSData+Base64.h */ = {isa = PBXFileReference; fileEncoding = 4; lastKnownFileType = sourcecode.c.h; path = "NSData+Base64.h"; sourceTree = "<group>"; };
		113E16391653AA3200A225C2 /* NSData+Base64.m */ = {isa = PBXFileReference; fileEncoding = 4; lastKnownFileType = sourcecode.c.objc; path = "NSData+Base64.m"; sourceTree = "<group>"; };
		113E16491653AC7900A225C2 /* Security.framework */ = {isa = PBXFileReference; lastKnownFileType = wrapper.framework; name = Security.framework; path = System/Library/Frameworks/Security.framework; sourceTree = SDKROOT; };
		1144F947121AEBDA0037FE71 /* NewsViewController.h */ = {isa = PBXFileReference; fileEncoding = 4; lastKnownFileType = sourcecode.c.h; path = NewsViewController.h; sourceTree = "<group>"; };
		1144F948121AEBDA0037FE71 /* NewsViewController.m */ = {isa = PBXFileReference; fileEncoding = 4; lastKnownFileType = sourcecode.c.objc; path = NewsViewController.m; sourceTree = "<group>"; };
		1144F949121AEBDA0037FE71 /* NewsViewController.xib */ = {isa = PBXFileReference; lastKnownFileType = file.xib; path = NewsViewController.xib; sourceTree = "<group>"; };
		1144F94C121AEBEE0037FE71 /* ReleaseViewController.h */ = {isa = PBXFileReference; fileEncoding = 4; lastKnownFileType = sourcecode.c.h; path = ReleaseViewController.h; sourceTree = "<group>"; };
		1144F94D121AEBEE0037FE71 /* ReleaseViewController.m */ = {isa = PBXFileReference; fileEncoding = 4; lastKnownFileType = sourcecode.c.objc; path = ReleaseViewController.m; sourceTree = "<group>"; };
		1144F94E121AEBEE0037FE71 /* English */ = {isa = PBXFileReference; lastKnownFileType = file.xib; name = English; path = English.lproj/ReleaseViewController.xib; sourceTree = "<group>"; };
		1144F951121AEC0C0037FE71 /* FavoritesViewController.h */ = {isa = PBXFileReference; fileEncoding = 4; lastKnownFileType = sourcecode.c.h; path = FavoritesViewController.h; sourceTree = "<group>"; };
		1144F952121AEC0C0037FE71 /* FavoritesViewController.m */ = {isa = PBXFileReference; fileEncoding = 4; lastKnownFileType = sourcecode.c.objc; path = FavoritesViewController.m; sourceTree = "<group>"; };
		1144F953121AEC0C0037FE71 /* FavoritesViewController.xib */ = {isa = PBXFileReference; lastKnownFileType = file.xib; path = FavoritesViewController.xib; sourceTree = "<group>"; };
		1144F9D2121D053C0037FE71 /* AlbumViewController.h */ = {isa = PBXFileReference; fileEncoding = 4; lastKnownFileType = sourcecode.c.h; path = AlbumViewController.h; sourceTree = "<group>"; };
		1144F9D3121D053C0037FE71 /* AlbumViewController.m */ = {isa = PBXFileReference; fileEncoding = 4; lastKnownFileType = sourcecode.c.objc; path = AlbumViewController.m; sourceTree = "<group>"; };
		1144F9D4121D053C0037FE71 /* AlbumViewController.xib */ = {isa = PBXFileReference; lastKnownFileType = file.xib; path = AlbumViewController.xib; sourceTree = "<group>"; };
		1144FABC121E602F0037FE71 /* UIAsyncImageView.h */ = {isa = PBXFileReference; fileEncoding = 4; lastKnownFileType = sourcecode.c.h; path = UIAsyncImageView.h; sourceTree = "<group>"; };
		1144FABD121E602F0037FE71 /* UIAsyncImageView.m */ = {isa = PBXFileReference; fileEncoding = 4; lastKnownFileType = sourcecode.c.objc; path = UIAsyncImageView.m; sourceTree = "<group>"; };
		1144FAE6121E6AA20037FE71 /* PlayerViewController.h */ = {isa = PBXFileReference; fileEncoding = 4; lastKnownFileType = sourcecode.c.h; path = PlayerViewController.h; sourceTree = "<group>"; };
		1144FAE7121E6AA20037FE71 /* PlayerViewController.m */ = {isa = PBXFileReference; fileEncoding = 4; lastKnownFileType = sourcecode.c.objc; path = PlayerViewController.m; sourceTree = "<group>"; };
		1144FAE8121E6AA20037FE71 /* PlayerViewController.xib */ = {isa = PBXFileReference; lastKnownFileType = file.xib; path = PlayerViewController.xib; sourceTree = "<group>"; };
		1144FAF3121E74FE0037FE71 /* playback_next.png */ = {isa = PBXFileReference; lastKnownFileType = image.png; path = playback_next.png; sourceTree = "<group>"; };
		1144FAF4121E74FE0037FE71 /* playback_pause.png */ = {isa = PBXFileReference; lastKnownFileType = image.png; path = playback_pause.png; sourceTree = "<group>"; };
		1144FAF5121E74FE0037FE71 /* playback_play.png */ = {isa = PBXFileReference; lastKnownFileType = image.png; path = playback_play.png; sourceTree = "<group>"; };
		1144FAF6121E74FE0037FE71 /* playback_prev.png */ = {isa = PBXFileReference; lastKnownFileType = image.png; path = playback_prev.png; sourceTree = "<group>"; };
		1144FB8D121E9F1D0037FE71 /* AVFoundation.framework */ = {isa = PBXFileReference; lastKnownFileType = wrapper.framework; name = AVFoundation.framework; path = System/Library/Frameworks/AVFoundation.framework; sourceTree = SDKROOT; };
		114ABF8D14A2FCCB0091BF62 /* Default@2x.png */ = {isa = PBXFileReference; lastKnownFileType = image.png; path = "Default@2x.png"; sourceTree = "<group>"; };
		114ABF8F14A2FD940091BF62 /* Default.png */ = {isa = PBXFileReference; lastKnownFileType = image.png; path = Default.png; sourceTree = "<group>"; };
		1161CBB41244A72800739CB3 /* Icon-72.png */ = {isa = PBXFileReference; lastKnownFileType = image.png; path = "Icon-72.png"; sourceTree = "<group>"; };
		1161CBB51244A72800739CB3 /* Icon.png */ = {isa = PBXFileReference; lastKnownFileType = image.png; path = Icon.png; sourceTree = "<group>"; };
		1161CBB61244A72800739CB3 /* Icon@2x.png */ = {isa = PBXFileReference; lastKnownFileType = image.png; path = "Icon@2x.png"; sourceTree = "<group>"; };
		11643EFC12A245F300A4B13F /* libxml2.dylib */ = {isa = PBXFileReference; lastKnownFileType = "compiled.mach-o.dylib"; name = libxml2.dylib; path = usr/lib/libxml2.dylib; sourceTree = SDKROOT; };
		1164401512A42D5100A4B13F /* MAL_logo.png */ = {isa = PBXFileReference; lastKnownFileType = image.png; path = MAL_logo.png; sourceTree = "<group>"; };
		118041171299448300EC20A1 /* ipod_shuffle_right_white.png */ = {isa = PBXFileReference; lastKnownFileType = image.png; path = ipod_shuffle_right_white.png; sourceTree = "<group>"; };
		1180411B1299452A00EC20A1 /* ipod_shuffle_right_white@2x.png */ = {isa = PBXFileReference; lastKnownFileType = image.png; path = "ipod_shuffle_right_white@2x.png"; sourceTree = "<group>"; };
		11A4AF871450675500304BA9 /* 96-book.png */ = {isa = PBXFileReference; lastKnownFileType = image.png; path = "96-book.png"; sourceTree = "<group>"; };
		11B1830C1356F3AC00F4A822 /* TweetCommentViewController.h */ = {isa = PBXFileReference; fileEncoding = 4; lastKnownFileType = sourcecode.c.h; path = TweetCommentViewController.h; sourceTree = "<group>"; };
		11B1830D1356F3AC00F4A822 /* TweetCommentViewController.m */ = {isa = PBXFileReference; fileEncoding = 4; lastKnownFileType = sourcecode.c.objc; path = TweetCommentViewController.m; sourceTree = "<group>"; };
		11B1830E1356F3AC00F4A822 /* TweetCommentViewController.xib */ = {isa = PBXFileReference; fileEncoding = 4; lastKnownFileType = file.xib; path = TweetCommentViewController.xib; sourceTree = "<group>"; };
		11B9C724121EEF64008ED520 /* AudioToolbox.framework */ = {isa = PBXFileReference; lastKnownFileType = wrapper.framework; name = AudioToolbox.framework; path = System/Library/Frameworks/AudioToolbox.framework; sourceTree = SDKROOT; };
		11B9C75D121EEFF1008ED520 /* CFNetwork.framework */ = {isa = PBXFileReference; lastKnownFileType = wrapper.framework; name = CFNetwork.framework; path = System/Library/Frameworks/CFNetwork.framework; sourceTree = SDKROOT; };
		11D6DE281236657700017E7B /* English */ = {isa = PBXFileReference; fileEncoding = 10; lastKnownFileType = text.plist.strings; name = English; path = English.lproj/Localizable.strings; sourceTree = "<group>"; };
		11D6DE2C123665D200017E7B /* Japanese */ = {isa = PBXFileReference; lastKnownFileType = text.plist.strings; name = Japanese; path = Japanese.lproj/Localizable.strings; sourceTree = "<group>"; };
		11D6DE2F1236662C00017E7B /* Japanese */ = {isa = PBXFileReference; lastKnownFileType = file.xib; name = Japanese; path = ../Japanese.lproj/MainWindow.xib; sourceTree = "<group>"; };
		11DE43B416560ADD0092F6B6 /* FacebookSDK.framework */ = {isa = PBXFileReference; lastKnownFileType = wrapper.framework; name = FacebookSDK.framework; path = ../../FacebookSDK/FacebookSDK.framework; sourceTree = "<group>"; };
		11DE43B616560B1F0092F6B6 /* FBUserSettingsViewResources.bundle */ = {isa = PBXFileReference; lastKnownFileType = "wrapper.plug-in"; name = FBUserSettingsViewResources.bundle; path = ../../FacebookSDK/FacebookSDK.framework/Versions/A/Resources/FBUserSettingsViewResources.bundle; sourceTree = "<group>"; };
		11DE43B816560B470092F6B6 /* Accounts.framework */ = {isa = PBXFileReference; lastKnownFileType = wrapper.framework; name = Accounts.framework; path = System/Library/Frameworks/Accounts.framework; sourceTree = SDKROOT; };
		11DE43BA16560B510092F6B6 /* AdSupport.framework */ = {isa = PBXFileReference; lastKnownFileType = wrapper.framework; name = AdSupport.framework; path = System/Library/Frameworks/AdSupport.framework; sourceTree = SDKROOT; };
		11DE43BC16560B6A0092F6B6 /* Social.framework */ = {isa = PBXFileReference; lastKnownFileType = wrapper.framework; name = Social.framework; path = System/Library/Frameworks/Social.framework; sourceTree = SDKROOT; };
		11E335011225EBD700375172 /* AlbumTableViewCell.h */ = {isa = PBXFileReference; fileEncoding = 4; lastKnownFileType = sourcecode.c.h; path = AlbumTableViewCell.h; sourceTree = "<group>"; };
		11E335021225EBD700375172 /* AlbumTableViewCell.m */ = {isa = PBXFileReference; fileEncoding = 4; lastKnownFileType = sourcecode.c.objc; path = AlbumTableViewCell.m; sourceTree = "<group>"; };
		11E335041225EC2400375172 /* AlbumTableViewCell.xib */ = {isa = PBXFileReference; lastKnownFileType = file.xib; path = AlbumTableViewCell.xib; sourceTree = "<group>"; };
		11EC5E3B121FA8D900F3DE68 /* music.png */ = {isa = PBXFileReference; lastKnownFileType = image.png; path = music.png; sourceTree = "<group>"; };
		11EC5E3D121FA8EC00F3DE68 /* info.png */ = {isa = PBXFileReference; lastKnownFileType = image.png; path = info.png; sourceTree = "<group>"; };
		11EC5E4E121FB25400F3DE68 /* MultilineTitleView.xib */ = {isa = PBXFileReference; lastKnownFileType = file.xib; path = MultilineTitleView.xib; sourceTree = "<group>"; };
		11EC5E55121FB6F900F3DE68 /* MultilineTitleView.h */ = {isa = PBXFileReference; fileEncoding = 4; lastKnownFileType = sourcecode.c.h; path = MultilineTitleView.h; sourceTree = "<group>"; };
		11EC5E56121FB6F900F3DE68 /* MultilineTitleView.m */ = {isa = PBXFileReference; fileEncoding = 4; lastKnownFileType = sourcecode.c.objc; path = MultilineTitleView.m; sourceTree = "<group>"; };
		11EC5F79122020BA00F3DE68 /* star_fav.png */ = {isa = PBXFileReference; lastKnownFileType = image.png; path = star_fav.png; sourceTree = "<group>"; };
		11EC607F122129E300F3DE68 /* dummy.png */ = {isa = PBXFileReference; lastKnownFileType = image.png; path = dummy.png; sourceTree = "<group>"; };
		11EC60F71221755300F3DE68 /* QuartzCore.framework */ = {isa = PBXFileReference; lastKnownFileType = wrapper.framework; name = QuartzCore.framework; path = System/Library/Frameworks/QuartzCore.framework; sourceTree = SDKROOT; };
		11F7839C12A544D900430B56 /* SettingViewController.h */ = {isa = PBXFileReference; fileEncoding = 4; lastKnownFileType = sourcecode.c.h; path = SettingViewController.h; sourceTree = "<group>"; };
		11F7839D12A544D900430B56 /* SettingViewController.m */ = {isa = PBXFileReference; fileEncoding = 4; lastKnownFileType = sourcecode.c.objc; path = SettingViewController.m; sourceTree = "<group>"; };
		11F7839E12A544D900430B56 /* SettingViewController.xib */ = {isa = PBXFileReference; lastKnownFileType = file.xib; path = SettingViewController.xib; sourceTree = "<group>"; };
		11F95AC614F50916000DA31E /* icon3030_21.png */ = {isa = PBXFileReference; lastKnownFileType = image.png; path = icon3030_21.png; sourceTree = "<group>"; };
		11F95AC714F50916000DA31E /* icon3030_22.png */ = {isa = PBXFileReference; lastKnownFileType = image.png; path = icon3030_22.png; sourceTree = "<group>"; };
		11FBF426122D249C00D2F9CC /* AboutViewController.h */ = {isa = PBXFileReference; fileEncoding = 4; lastKnownFileType = sourcecode.c.h; path = AboutViewController.h; sourceTree = "<group>"; };
		11FBF427122D249C00D2F9CC /* AboutViewController.m */ = {isa = PBXFileReference; fileEncoding = 4; lastKnownFileType = sourcecode.c.objc; path = AboutViewController.m; sourceTree = "<group>"; };
		11FBF428122D249C00D2F9CC /* AboutViewController.xib */ = {isa = PBXFileReference; lastKnownFileType = file.xib; path = AboutViewController.xib; sourceTree = "<group>"; };
		11FBF438122D9DE400D2F9CC /* maru50_image.png */ = {isa = PBXFileReference; lastKnownFileType = image.png; path = maru50_image.png; sourceTree = "<group>"; };
		11FBF454122DC83100D2F9CC /* mp3.png */ = {isa = PBXFileReference; lastKnownFileType = image.png; path = mp3.png; sourceTree = "<group>"; };
		11FBF467122E3DF100D2F9CC /* icon3030_65.png */ = {isa = PBXFileReference; lastKnownFileType = image.png; path = icon3030_65.png; sourceTree = "<group>"; };
		11FBF469122E3E4E00D2F9CC /* icon3030_42.png */ = {isa = PBXFileReference; lastKnownFileType = image.png; path = icon3030_42.png; sourceTree = "<group>"; };
		11FBF46B122E3E8A00D2F9CC /* 120-headphones.png */ = {isa = PBXFileReference; lastKnownFileType = image.png; path = "120-headphones.png"; sourceTree = "<group>"; };
		11FBF479122E40AA00D2F9CC /* icon3030_46.png */ = {isa = PBXFileReference; lastKnownFileType = image.png; path = icon3030_46.png; sourceTree = "<group>"; };
		11FCD1641488B62300C5F651 /* AudioStreamer.h */ = {isa = PBXFileReference; fileEncoding = 4; lastKnownFileType = sourcecode.c.h; path = AudioStreamer.h; sourceTree = "<group>"; };
		11FCD1651488B62300C5F651 /* AudioStreamer.m */ = {isa = PBXFileReference; fileEncoding = 4; lastKnownFileType = sourcecode.c.objc; path = AudioStreamer.m; sourceTree = "<group>"; };
		1D30AB110D05D00D00671497 /* Foundation.framework */ = {isa = PBXFileReference; lastKnownFileType = wrapper.framework; name = Foundation.framework; path = System/Library/Frameworks/Foundation.framework; sourceTree = SDKROOT; };
		1D3623240D0F684500981E51 /* MaltineAppDelegate.h */ = {isa = PBXFileReference; fileEncoding = 4; lastKnownFileType = sourcecode.c.h; path = MaltineAppDelegate.h; sourceTree = "<group>"; };
		1D3623250D0F684500981E51 /* MaltineAppDelegate.m */ = {isa = PBXFileReference; fileEncoding = 4; lastKnownFileType = sourcecode.c.objc; path = MaltineAppDelegate.m; sourceTree = "<group>"; };
		1D6058910D05DD3D006BFB54 /* Maltine.app */ = {isa = PBXFileReference; explicitFileType = wrapper.application; includeInIndex = 0; path = Maltine.app; sourceTree = BUILT_PRODUCTS_DIR; };
		1DF5F4DF0D08C38300B7A737 /* UIKit.framework */ = {isa = PBXFileReference; lastKnownFileType = wrapper.framework; name = UIKit.framework; path = System/Library/Frameworks/UIKit.framework; sourceTree = SDKROOT; };
		288765070DF74369002DB57D /* CoreGraphics.framework */ = {isa = PBXFileReference; lastKnownFileType = wrapper.framework; name = CoreGraphics.framework; path = System/Library/Frameworks/CoreGraphics.framework; sourceTree = SDKROOT; };
		28A0AB4B0D9B1048005BE974 /* Maltine_Prefix.pch */ = {isa = PBXFileReference; fileEncoding = 4; lastKnownFileType = sourcecode.c.h; path = Maltine_Prefix.pch; sourceTree = "<group>"; };
		28AD73870D9D96C1002E5188 /* English */ = {isa = PBXFileReference; lastKnownFileType = file.xib; name = English; path = ../English.lproj/MainWindow.xib; sourceTree = "<group>"; };
		29B97316FDCFA39411CA2CEA /* main.m */ = {isa = PBXFileReference; fileEncoding = 4; lastKnownFileType = sourcecode.c.objc; path = main.m; sourceTree = "<group>"; };
		8D1107310486CEB800E47090 /* Maltine-Info.plist */ = {isa = PBXFileReference; fileEncoding = 4; lastKnownFileType = text.plist.xml; path = "Maltine-Info.plist"; plistStructureDefinitionIdentifier = "com.apple.xcode.plist.structure-definition.iphone.info-plist"; sourceTree = "<group>"; };
/* End PBXFileReference section */

/* Begin PBXFrameworksBuildPhase section */
		1D60588F0D05DD3D006BFB54 /* Frameworks */ = {
			isa = PBXFrameworksBuildPhase;
			buildActionMask = 2147483647;
			files = (
				11DE43BD16560B6A0092F6B6 /* Social.framework in Frameworks */,
				11DE43BB16560B510092F6B6 /* AdSupport.framework in Frameworks */,
				11DE43B916560B470092F6B6 /* Accounts.framework in Frameworks */,
				113E164A1653AC7900A225C2 /* Security.framework in Frameworks */,
				1D60589F0D05DD5A006BFB54 /* Foundation.framework in Frameworks */,
				1DF5F4E00D08C38300B7A737 /* UIKit.framework in Frameworks */,
				288765080DF74369002DB57D /* CoreGraphics.framework in Frameworks */,
				1144FB8E121E9F1D0037FE71 /* AVFoundation.framework in Frameworks */,
				11B9C725121EEF64008ED520 /* AudioToolbox.framework in Frameworks */,
				11B9C75E121EEFF1008ED520 /* CFNetwork.framework in Frameworks */,
				11EC60F81221755300F3DE68 /* QuartzCore.framework in Frameworks */,
				11019A69122AE59E00F322BB /* MediaPlayer.framework in Frameworks */,
				11643EFD12A245F300A4B13F /* libxml2.dylib in Frameworks */,
				11DE43B516560ADD0092F6B6 /* FacebookSDK.framework in Frameworks */,
			);
			runOnlyForDeploymentPostprocessing = 0;
		};
/* End PBXFrameworksBuildPhase section */

/* Begin PBXGroup section */
		080E96DDFE201D6D7F000001 /* Classes */ = {
			isa = PBXGroup;
			children = (
				11D6DE2D1236662500017E7B /* MainWindow.xib */,
				11FCD1641488B62300C5F651 /* AudioStreamer.h */,
				11FCD1651488B62300C5F651 /* AudioStreamer.m */,
				1D3623240D0F684500981E51 /* MaltineAppDelegate.h */,
				1D3623250D0F684500981E51 /* MaltineAppDelegate.m */,
				11152A01148A0F3900A86DA2 /* RCUIWindow.h */,
				11152A02148A0F3900A86DA2 /* RCUIWindow.m */,
				11F783C612A5757700430B56 /* CustomControl */,
				1144F93D121AE9050037FE71 /* NewsViewController */,
				1144F93E121AE9520037FE71 /* ReleaseViewController */,
				1144F9D1121D051D0037FE71 /* AlbumViewController */,
				1144FAE5121E6A6D0037FE71 /* PlayerViewController */,
				1144F946121AEA5E0037FE71 /* FavoritesViewController */,
				11FBF425122D247200D2F9CC /* AboutViewController */,
				11F7839512A5445700430B56 /* SettingViewController */,
				1107D1A113C7060400FF8EC0 /* TextListViewController */,
				11078AA213CB1BCA0054905E /* WebReaderViewController */,
			);
			path = Classes;
			sourceTree = "<group>";
		};
		1102D0A6123A495200591557 /* tomad */ = {
			isa = PBXGroup;
			children = (
				1102D0A3123A494800591557 /* epoch.caf */,
				1102D066123A234F00591557 /* tomad_01.png */,
				1102D067123A234F00591557 /* tomad_02.png */,
			);
			name = tomad;
			sourceTree = "<group>";
		};
		1102D0A7123A496200591557 /* images */ = {
			isa = PBXGroup;
			children = (
				114ABF8F14A2FD940091BF62 /* Default.png */,
				114ABF8D14A2FCCB0091BF62 /* Default@2x.png */,
				11FBF438122D9DE400D2F9CC /* maru50_image.png */,
				1164401512A42D5100A4B13F /* MAL_logo.png */,
				110918D312C4C36400B90764 /* stickers */,
			);
			name = images;
			sourceTree = "<group>";
		};
		11078AA213CB1BCA0054905E /* WebReaderViewController */ = {
			isa = PBXGroup;
			children = (
				11078AA313CB1BFE0054905E /* WebReaderViewController.h */,
				11078AA413CB1BFE0054905E /* WebReaderViewController.m */,
				11078AA513CB1BFE0054905E /* WebReaderViewController.xib */,
			);
			name = WebReaderViewController;
			sourceTree = "<group>";
		};
		1107D1A113C7060400FF8EC0 /* TextListViewController */ = {
			isa = PBXGroup;
			children = (
				1107D1A713C7082900FF8EC0 /* TextListViewController.h */,
				1107D1A813C7082900FF8EC0 /* TextListViewController.m */,
				1107D1A913C7082900FF8EC0 /* TextListViewController.xib */,
			);
			name = TextListViewController;
			sourceTree = "<group>";
		};
		110918D312C4C36400B90764 /* stickers */ = {
			isa = PBXGroup;
			children = (
				11FBF454122DC83100D2F9CC /* mp3.png */,
				1109190812C4C60900B90764 /* seal_fix01.png */,
				1109190912C4C60900B90764 /* seal_fix02.png */,
				1109190A12C4C60900B90764 /* seal_fix03.png */,
				1109190B12C4C60900B90764 /* seal_fix04.png */,
				1109190C12C4C60900B90764 /* seal_fix05.png */,
				1109190D12C4C60900B90764 /* seal_fix06.png */,
				1109190E12C4C60900B90764 /* seal_fix07.png */,
				1109190F12C4C60900B90764 /* seal_fix08.png */,
				1109191012C4C60900B90764 /* seal_fix09.png */,
				1109191112C4C60900B90764 /* seal_fix10.png */,
				1109191212C4C60900B90764 /* seal_fix11.png */,
				1109191312C4C60900B90764 /* seal_fix12.png */,
				1109191412C4C60900B90764 /* seal_fix13.png */,
				1109191512C4C60900B90764 /* seal_fix14.png */,
				1109192412C4C61900B90764 /* seal_fix01@2x.png */,
				1109192512C4C61900B90764 /* seal_fix02@2x.png */,
				1109192612C4C61900B90764 /* seal_fix03@2x.png */,
				1109192712C4C61900B90764 /* seal_fix04@2x.png */,
				1109192812C4C61900B90764 /* seal_fix05@2x.png */,
				1109192912C4C61900B90764 /* seal_fix06@2x.png */,
				1109192A12C4C61900B90764 /* seal_fix07@2x.png */,
				1109192B12C4C61900B90764 /* seal_fix08@2x.png */,
				1109192C12C4C61900B90764 /* seal_fix09@2x.png */,
				1109192D12C4C61900B90764 /* seal_fix10@2x.png */,
				1109192E12C4C61900B90764 /* seal_fix11@2x.png */,
				1109192F12C4C61900B90764 /* seal_fix12@2x.png */,
				1109193012C4C61900B90764 /* seal_fix13@2x.png */,
				1109193112C4C61900B90764 /* seal_fix14@2x.png */,
			);
			name = stickers;
			sourceTree = "<group>";
		};
		110A510512AA4F27003365A3 /* CocoaHelpers */ = {
			isa = PBXGroup;
			children = (
				110A511712AA4F40003365A3 /* UIAlertView+Helper.h */,
				110A511812AA4F40003365A3 /* UIAlertView+Helper.m */,
			);
			name = CocoaHelpers;
			sourceTree = "<group>";
		};
		113E16081653A93500A225C2 /* OAuthConsumer */ = {
			isa = PBXGroup;
			children = (
				113E16111653A98300A225C2 /* Categories */,
				113E160A1653A96C00A225C2 /* Crypto */,
				113E15F21653A91F00A225C2 /* OACall.h */,
				113E15F31653A91F00A225C2 /* OACall.m */,
				113E15F41653A91F00A225C2 /* OAConsumer.h */,
				113E15F51653A91F00A225C2 /* OAConsumer.m */,
				113E15F61653A91F00A225C2 /* OADataFetcher.h */,
				113E15F71653A91F00A225C2 /* OADataFetcher.m */,
				113E15F81653A91F00A225C2 /* OAHMAC_SHA1SignatureProvider.h */,
				113E15F91653A91F00A225C2 /* OAHMAC_SHA1SignatureProvider.m */,
				113E15FA1653A91F00A225C2 /* OAMutableURLRequest.h */,
				113E15FB1653A91F00A225C2 /* OAMutableURLRequest.m */,
				113E15FC1653A91F00A225C2 /* OAPlaintextSignatureProvider.h */,
				113E15FD1653A91F00A225C2 /* OAPlaintextSignatureProvider.m */,
				113E15FE1653A91F00A225C2 /* OAProblem.h */,
				113E15FF1653A91F00A225C2 /* OAProblem.m */,
				113E16001653A91F00A225C2 /* OARequestParameter.h */,
				113E16011653A91F00A225C2 /* OARequestParameter.m */,
				113E16021653A91F00A225C2 /* OAServiceTicket.h */,
				113E16031653A91F00A225C2 /* OAServiceTicket.m */,
				113E16041653A91F00A225C2 /* OASignatureProviding.h */,
				113E16051653A91F00A225C2 /* OAToken.h */,
				113E16061653A91F00A225C2 /* OAToken.m */,
				113E16071653A91F00A225C2 /* OAuthConsumer.h */,
			);
			name = OAuthConsumer;
			sourceTree = "<group>";
		};
		113E16091653A95D00A225C2 /* MGTwitterEngine */ = {
			isa = PBXGroup;
			children = (
				113E16351653AA2500A225C2 /* Categories */,
				113E16221653A9E900A225C2 /* Twitter LibXML Parsers */,
				113E16181653A9D200A225C2 /* MGTwitterEngineGlobalHeader.h */,
				113E16191653A9D200A225C2 /* MGTwitterEngine.h */,
				113E161A1653A9D200A225C2 /* MGTwitterEngine.m */,
				113E161B1653A9D200A225C2 /* MGTwitterEngineDelegate.h */,
				113E161C1653A9D200A225C2 /* MGTwitterHTTPURLConnection.h */,
				113E161D1653A9D200A225C2 /* MGTwitterHTTPURLConnection.m */,
				113E161E1653A9D200A225C2 /* MGTwitterRequestTypes.h */,
				113E161F1653A9D200A225C2 /* MGTwitterParserDelegate.h */,
			);
			name = MGTwitterEngine;
			sourceTree = "<group>";
		};
		113E160A1653A96C00A225C2 /* Crypto */ = {
			isa = PBXGroup;
			children = (
				113E160B1653A97C00A225C2 /* Base64Transcoder.c */,
				113E160C1653A97C00A225C2 /* Base64Transcoder.h */,
				113E160D1653A97C00A225C2 /* hmac.c */,
				113E160E1653A97C00A225C2 /* hmac.h */,
				113E160F1653A97C00A225C2 /* sha1.c */,
				113E16101653A97C00A225C2 /* sha1.h */,
			);
			name = Crypto;
			sourceTree = "<group>";
		};
		113E16111653A98300A225C2 /* Categories */ = {
			isa = PBXGroup;
			children = (
				113E16121653A99100A225C2 /* NSMutableURLRequest+Parameters.h */,
				113E16131653A99100A225C2 /* NSMutableURLRequest+Parameters.m */,
				113E16141653A99100A225C2 /* NSString+URLEncoding.h */,
				113E16151653A99100A225C2 /* NSString+URLEncoding.m */,
				113E16161653A99100A225C2 /* NSURL+Base.h */,
				113E16171653A99100A225C2 /* NSURL+Base.m */,
			);
			name = Categories;
			sourceTree = "<group>";
		};
		113E16221653A9E900A225C2 /* Twitter LibXML Parsers */ = {
			isa = PBXGroup;
			children = (
				113E16231653AA0100A225C2 /* MGTwitterLibXMLParser.h */,
				113E16241653AA0100A225C2 /* MGTwitterLibXMLParser.m */,
				113E16251653AA0100A225C2 /* MGTwitterStatusesLibXMLParser.h */,
				113E16261653AA0100A225C2 /* MGTwitterStatusesLibXMLParser.m */,
				113E16271653AA0100A225C2 /* MGTwitterUsersLibXMLParser.h */,
				113E16281653AA0100A225C2 /* MGTwitterUsersLibXMLParser.m */,
				113E16291653AA0100A225C2 /* MGTwitterMessagesLibXMLParser.h */,
				113E162A1653AA0100A225C2 /* MGTwitterMessagesLibXMLParser.m */,
				113E162B1653AA0100A225C2 /* MGTwitterMiscLibXMLParser.h */,
				113E162C1653AA0100A225C2 /* MGTwitterMiscLibXMLParser.m */,
				113E162D1653AA0100A225C2 /* MGTwitterSocialGraphLibXMLParser.h */,
				113E162E1653AA0100A225C2 /* MGTwitterSocialGraphLibXMLParser.m */,
			);
			name = "Twitter LibXML Parsers";
			sourceTree = "<group>";
		};
		113E16351653AA2500A225C2 /* Categories */ = {
			isa = PBXGroup;
			children = (
				113E16361653AA3200A225C2 /* NSString+UUID.h */,
				113E16371653AA3200A225C2 /* NSString+UUID.m */,
				113E16381653AA3200A225C2 /* NSData+Base64.h */,
				113E16391653AA3200A225C2 /* NSData+Base64.m */,
			);
			name = Categories;
			sourceTree = "<group>";
		};
		1144F93D121AE9050037FE71 /* NewsViewController */ = {
			isa = PBXGroup;
			children = (
				1144F947121AEBDA0037FE71 /* NewsViewController.h */,
				1144F948121AEBDA0037FE71 /* NewsViewController.m */,
				1144F949121AEBDA0037FE71 /* NewsViewController.xib */,
			);
			name = NewsViewController;
			sourceTree = "<group>";
		};
		1144F93E121AE9520037FE71 /* ReleaseViewController */ = {
			isa = PBXGroup;
			children = (
				1144F94C121AEBEE0037FE71 /* ReleaseViewController.h */,
				1144F94D121AEBEE0037FE71 /* ReleaseViewController.m */,
				1109187112C4AA8C00B90764 /* ReleaseViewController.xib */,
			);
			name = ReleaseViewController;
			sourceTree = "<group>";
		};
		1144F946121AEA5E0037FE71 /* FavoritesViewController */ = {
			isa = PBXGroup;
			children = (
				1144F951121AEC0C0037FE71 /* FavoritesViewController.h */,
				1144F952121AEC0C0037FE71 /* FavoritesViewController.m */,
				1144F953121AEC0C0037FE71 /* FavoritesViewController.xib */,
			);
			name = FavoritesViewController;
			sourceTree = "<group>";
		};
		1144F9D1121D051D0037FE71 /* AlbumViewController */ = {
			isa = PBXGroup;
			children = (
				1144F9D2121D053C0037FE71 /* AlbumViewController.h */,
				1144F9D3121D053C0037FE71 /* AlbumViewController.m */,
				1144F9D4121D053C0037FE71 /* AlbumViewController.xib */,
			);
			name = AlbumViewController;
			sourceTree = "<group>";
		};
		1144FAB9121E5F310037FE71 /* UIAsyncImageView */ = {
			isa = PBXGroup;
			children = (
				1144FABC121E602F0037FE71 /* UIAsyncImageView.h */,
				1144FABD121E602F0037FE71 /* UIAsyncImageView.m */,
			);
			name = UIAsyncImageView;
			sourceTree = "<group>";
		};
		1144FAE5121E6A6D0037FE71 /* PlayerViewController */ = {
			isa = PBXGroup;
			children = (
				1144FAE6121E6AA20037FE71 /* PlayerViewController.h */,
				1144FAE7121E6AA20037FE71 /* PlayerViewController.m */,
				1144FAE8121E6AA20037FE71 /* PlayerViewController.xib */,
				11B1830B1356F36100F4A822 /* TweetCommentViewController */,
			);
			name = PlayerViewController;
			sourceTree = "<group>";
		};
		1144FB77121E96240037FE71 /* icons */ = {
			isa = PBXGroup;
			children = (
				11F95AC614F50916000DA31E /* icon3030_21.png */,
				11F95AC714F50916000DA31E /* icon3030_22.png */,
				118041171299448300EC20A1 /* ipod_shuffle_right_white.png */,
				1180411B1299452A00EC20A1 /* ipod_shuffle_right_white@2x.png */,
				1161CBB41244A72800739CB3 /* Icon-72.png */,
				1161CBB51244A72800739CB3 /* Icon.png */,
				1161CBB61244A72800739CB3 /* Icon@2x.png */,
				11FBF479122E40AA00D2F9CC /* icon3030_46.png */,
				11EC607F122129E300F3DE68 /* dummy.png */,
				11FBF46B122E3E8A00D2F9CC /* 120-headphones.png */,
				11A4AF871450675500304BA9 /* 96-book.png */,
				11FBF469122E3E4E00D2F9CC /* icon3030_42.png */,
				11FBF467122E3DF100D2F9CC /* icon3030_65.png */,
				11EC5F79122020BA00F3DE68 /* star_fav.png */,
				11EC5E3D121FA8EC00F3DE68 /* info.png */,
				11EC5E3B121FA8D900F3DE68 /* music.png */,
				1144FAF3121E74FE0037FE71 /* playback_next.png */,
				1144FAF4121E74FE0037FE71 /* playback_pause.png */,
				1144FAF5121E74FE0037FE71 /* playback_play.png */,
				1144FAF6121E74FE0037FE71 /* playback_prev.png */,
			);
			name = icons;
			sourceTree = "<group>";
		};
		11643E9812A2457B00A4B13F /* Libraries */ = {
			isa = PBXGroup;
			children = (
				110A510512AA4F27003365A3 /* CocoaHelpers */,
				11643F0B12A24A2000A4B13F /* Twitter */,
			);
			name = Libraries;
			path = "Libraries & Headers";
			sourceTree = "<group>";
		};
		11643F0B12A24A2000A4B13F /* Twitter */ = {
			isa = PBXGroup;
			children = (
				113E16091653A95D00A225C2 /* MGTwitterEngine */,
				113E16081653A93500A225C2 /* OAuthConsumer */,
			);
			name = Twitter;
			sourceTree = "<group>";
		};
		11B1830B1356F36100F4A822 /* TweetCommentViewController */ = {
			isa = PBXGroup;
			children = (
				11B1830C1356F3AC00F4A822 /* TweetCommentViewController.h */,
				11B1830D1356F3AC00F4A822 /* TweetCommentViewController.m */,
				11B1830E1356F3AC00F4A822 /* TweetCommentViewController.xib */,
			);
			name = TweetCommentViewController;
			sourceTree = "<group>";
		};
		11E334FF1225EB9600375172 /* AlbumTableViewCell */ = {
			isa = PBXGroup;
			children = (
				11E335011225EBD700375172 /* AlbumTableViewCell.h */,
				11E335021225EBD700375172 /* AlbumTableViewCell.m */,
				11E335041225EC2400375172 /* AlbumTableViewCell.xib */,
			);
			name = AlbumTableViewCell;
			sourceTree = "<group>";
		};
		11EC5E49121FB20300F3DE68 /* MultilineTitleView */ = {
			isa = PBXGroup;
			children = (
				11EC5E4E121FB25400F3DE68 /* MultilineTitleView.xib */,
				11EC5E55121FB6F900F3DE68 /* MultilineTitleView.h */,
				11EC5E56121FB6F900F3DE68 /* MultilineTitleView.m */,
			);
			name = MultilineTitleView;
			sourceTree = "<group>";
		};
		11F7839512A5445700430B56 /* SettingViewController */ = {
			isa = PBXGroup;
			children = (
				11F7839C12A544D900430B56 /* SettingViewController.h */,
				11F7839D12A544D900430B56 /* SettingViewController.m */,
				11F7839E12A544D900430B56 /* SettingViewController.xib */,
			);
			name = SettingViewController;
			sourceTree = "<group>";
		};
		11F783C612A5757700430B56 /* CustomControl */ = {
			isa = PBXGroup;
			children = (
				11E334FF1225EB9600375172 /* AlbumTableViewCell */,
				1144FAB9121E5F310037FE71 /* UIAsyncImageView */,
				11EC5E49121FB20300F3DE68 /* MultilineTitleView */,
			);
			name = CustomControl;
			sourceTree = "<group>";
		};
		11FBF425122D247200D2F9CC /* AboutViewController */ = {
			isa = PBXGroup;
			children = (
				11FBF426122D249C00D2F9CC /* AboutViewController.h */,
				11FBF427122D249C00D2F9CC /* AboutViewController.m */,
				11FBF428122D249C00D2F9CC /* AboutViewController.xib */,
			);
			name = AboutViewController;
			sourceTree = "<group>";
		};
		19C28FACFE9D520D11CA2CBB /* Products */ = {
			isa = PBXGroup;
			children = (
				1D6058910D05DD3D006BFB54 /* Maltine.app */,
			);
			name = Products;
			sourceTree = "<group>";
		};
		29B97314FDCFA39411CA2CEA /* Maltine */ = {
			isa = PBXGroup;
			children = (
				11643E9812A2457B00A4B13F /* Libraries */,
				080E96DDFE201D6D7F000001 /* Classes */,
				29B97315FDCFA39411CA2CEA /* Other Sources */,
				29B97317FDCFA39411CA2CEA /* Resources */,
				29B97323FDCFA39411CA2CEA /* Frameworks */,
				19C28FACFE9D520D11CA2CBB /* Products */,
			);
			name = Maltine;
			sourceTree = "<group>";
		};
		29B97315FDCFA39411CA2CEA /* Other Sources */ = {
			isa = PBXGroup;
			children = (
				28A0AB4B0D9B1048005BE974 /* Maltine_Prefix.pch */,
				29B97316FDCFA39411CA2CEA /* main.m */,
			);
			name = "Other Sources";
			sourceTree = "<group>";
		};
		29B97317FDCFA39411CA2CEA /* Resources */ = {
			isa = PBXGroup;
			children = (
				1102D0A7123A496200591557 /* images */,
				1144FB77121E96240037FE71 /* icons */,
				1102D0A6123A495200591557 /* tomad */,
				11D6DE2A123665C300017E7B /* Localizable.strings */,
				8D1107310486CEB800E47090 /* Maltine-Info.plist */,
			);
			name = Resources;
			sourceTree = "<group>";
		};
		29B97323FDCFA39411CA2CEA /* Frameworks */ = {
			isa = PBXGroup;
			children = (
				11DE43BC16560B6A0092F6B6 /* Social.framework */,
				11DE43BA16560B510092F6B6 /* AdSupport.framework */,
				11DE43B816560B470092F6B6 /* Accounts.framework */,
				11DE43B416560ADD0092F6B6 /* FacebookSDK.framework */,
				11DE43B616560B1F0092F6B6 /* FBUserSettingsViewResources.bundle */,
				113E16491653AC7900A225C2 /* Security.framework */,
				11019A68122AE59E00F322BB /* MediaPlayer.framework */,
				1144FB8D121E9F1D0037FE71 /* AVFoundation.framework */,
				1DF5F4DF0D08C38300B7A737 /* UIKit.framework */,
				1D30AB110D05D00D00671497 /* Foundation.framework */,
				288765070DF74369002DB57D /* CoreGraphics.framework */,
				11B9C724121EEF64008ED520 /* AudioToolbox.framework */,
				11B9C75D121EEFF1008ED520 /* CFNetwork.framework */,
				11EC60F71221755300F3DE68 /* QuartzCore.framework */,
				11643EFC12A245F300A4B13F /* libxml2.dylib */,
			);
			name = Frameworks;
			sourceTree = "<group>";
		};
/* End PBXGroup section */

/* Begin PBXNativeTarget section */
		1D6058900D05DD3D006BFB54 /* Maltine */ = {
			isa = PBXNativeTarget;
			buildConfigurationList = 1D6058960D05DD3E006BFB54 /* Build configuration list for PBXNativeTarget "Maltine" */;
			buildPhases = (
				1D60588D0D05DD3D006BFB54 /* Resources */,
				1D60588E0D05DD3D006BFB54 /* Sources */,
				1D60588F0D05DD3D006BFB54 /* Frameworks */,
			);
			buildRules = (
			);
			dependencies = (
			);
			name = Maltine;
			productName = Maltine;
			productReference = 1D6058910D05DD3D006BFB54 /* Maltine.app */;
			productType = "com.apple.product-type.application";
		};
/* End PBXNativeTarget section */

/* Begin PBXProject section */
		29B97313FDCFA39411CA2CEA /* Project object */ = {
			isa = PBXProject;
			attributes = {
				LastUpgradeCheck = 0450;
			};
			buildConfigurationList = C01FCF4E08A954540054247B /* Build configuration list for PBXProject "Maltine" */;
			compatibilityVersion = "Xcode 3.2";
			developmentRegion = English;
			hasScannedForEncodings = 1;
			knownRegions = (
				English,
				Japanese,
				French,
				German,
			);
			mainGroup = 29B97314FDCFA39411CA2CEA /* Maltine */;
			projectDirPath = "";
			projectRoot = "";
			targets = (
				1D6058900D05DD3D006BFB54 /* Maltine */,
			);
		};
/* End PBXProject section */

/* Begin PBXResourcesBuildPhase section */
		1D60588D0D05DD3D006BFB54 /* Resources */ = {
			isa = PBXResourcesBuildPhase;
			buildActionMask = 2147483647;
			files = (
				11D6DE2E1236662500017E7B /* MainWindow.xib in Resources */,
				1144F94B121AEBDA0037FE71 /* NewsViewController.xib in Resources */,
				1109187212C4AA8C00B90764 /* ReleaseViewController.xib in Resources */,
				1144F955121AEC0C0037FE71 /* FavoritesViewController.xib in Resources */,
				1144F9D6121D053C0037FE71 /* AlbumViewController.xib in Resources */,
				1144FAEA121E6AA20037FE71 /* PlayerViewController.xib in Resources */,
				1144FAF7121E74FE0037FE71 /* playback_next.png in Resources */,
				1144FAF8121E74FE0037FE71 /* playback_pause.png in Resources */,
				1144FAF9121E74FE0037FE71 /* playback_play.png in Resources */,
				1144FAFA121E74FE0037FE71 /* playback_prev.png in Resources */,
				11EC5E3C121FA8D900F3DE68 /* music.png in Resources */,
				11EC5E3E121FA8EC00F3DE68 /* info.png in Resources */,
				11EC5E4F121FB25400F3DE68 /* MultilineTitleView.xib in Resources */,
				11EC5F7A122020BA00F3DE68 /* star_fav.png in Resources */,
				11EC6080122129E300F3DE68 /* dummy.png in Resources */,
				11E335051225EC2400375172 /* AlbumTableViewCell.xib in Resources */,
				11FBF42A122D249C00D2F9CC /* AboutViewController.xib in Resources */,
				11FBF439122D9DE400D2F9CC /* maru50_image.png in Resources */,
				11FBF455122DC83100D2F9CC /* mp3.png in Resources */,
				11FBF468122E3DF100D2F9CC /* icon3030_65.png in Resources */,
				11FBF46A122E3E4E00D2F9CC /* icon3030_42.png in Resources */,
				11FBF46C122E3E8A00D2F9CC /* 120-headphones.png in Resources */,
				11FBF47A122E40AA00D2F9CC /* icon3030_46.png in Resources */,
				11D6DE2B123665C300017E7B /* Localizable.strings in Resources */,
				1102D068123A234F00591557 /* tomad_01.png in Resources */,
				1102D069123A234F00591557 /* tomad_02.png in Resources */,
				1102D0A4123A494800591557 /* epoch.caf in Resources */,
				1161CBB71244A72800739CB3 /* Icon-72.png in Resources */,
				1161CBB81244A72800739CB3 /* Icon.png in Resources */,
				1161CBB91244A72800739CB3 /* Icon@2x.png in Resources */,
				118041181299448300EC20A1 /* ipod_shuffle_right_white.png in Resources */,
				1180411C1299452A00EC20A1 /* ipod_shuffle_right_white@2x.png in Resources */,
				1164401612A42D5100A4B13F /* MAL_logo.png in Resources */,
				11F783A012A544D900430B56 /* SettingViewController.xib in Resources */,
				1109191612C4C60900B90764 /* seal_fix01.png in Resources */,
				1109191712C4C60900B90764 /* seal_fix02.png in Resources */,
				1109191812C4C60900B90764 /* seal_fix03.png in Resources */,
				1109191912C4C60900B90764 /* seal_fix04.png in Resources */,
				1109191A12C4C60900B90764 /* seal_fix05.png in Resources */,
				1109191B12C4C60900B90764 /* seal_fix06.png in Resources */,
				1109191C12C4C60900B90764 /* seal_fix07.png in Resources */,
				1109191D12C4C60900B90764 /* seal_fix08.png in Resources */,
				1109191E12C4C60900B90764 /* seal_fix09.png in Resources */,
				1109191F12C4C60900B90764 /* seal_fix10.png in Resources */,
				1109192012C4C60900B90764 /* seal_fix11.png in Resources */,
				1109192112C4C60900B90764 /* seal_fix12.png in Resources */,
				1109192212C4C60900B90764 /* seal_fix13.png in Resources */,
				1109192312C4C60900B90764 /* seal_fix14.png in Resources */,
				1109193212C4C61900B90764 /* seal_fix01@2x.png in Resources */,
				1109193312C4C61900B90764 /* seal_fix02@2x.png in Resources */,
				1109193412C4C61900B90764 /* seal_fix03@2x.png in Resources */,
				1109193512C4C61900B90764 /* seal_fix04@2x.png in Resources */,
				1109193612C4C61900B90764 /* seal_fix05@2x.png in Resources */,
				1109193712C4C61900B90764 /* seal_fix06@2x.png in Resources */,
				1109193812C4C61900B90764 /* seal_fix07@2x.png in Resources */,
				1109193912C4C61900B90764 /* seal_fix08@2x.png in Resources */,
				1109193A12C4C61900B90764 /* seal_fix09@2x.png in Resources */,
				1109193B12C4C61900B90764 /* seal_fix10@2x.png in Resources */,
				1109193C12C4C61900B90764 /* seal_fix11@2x.png in Resources */,
				1109193D12C4C61900B90764 /* seal_fix12@2x.png in Resources */,
				1109193E12C4C61900B90764 /* seal_fix13@2x.png in Resources */,
				1109193F12C4C61900B90764 /* seal_fix14@2x.png in Resources */,
				11B183101356F3AC00F4A822 /* TweetCommentViewController.xib in Resources */,
				1107D1AB13C7082900FF8EC0 /* TextListViewController.xib in Resources */,
				11078AA713CB1BFE0054905E /* WebReaderViewController.xib in Resources */,
				11A4AF881450675500304BA9 /* 96-book.png in Resources */,
				114ABF8E14A2FCCB0091BF62 /* Default@2x.png in Resources */,
				114ABF9014A2FD940091BF62 /* Default.png in Resources */,
				11F95AC814F50916000DA31E /* icon3030_21.png in Resources */,
				11F95AC914F50916000DA31E /* icon3030_22.png in Resources */,
				11DE43B716560B1F0092F6B6 /* FBUserSettingsViewResources.bundle in Resources */,
			);
			runOnlyForDeploymentPostprocessing = 0;
		};
/* End PBXResourcesBuildPhase section */

/* Begin PBXSourcesBuildPhase section */
		1D60588E0D05DD3D006BFB54 /* Sources */ = {
			isa = PBXSourcesBuildPhase;
			buildActionMask = 2147483647;
			files = (
				11F2BDBC1653B32700F99072 /* Base64Transcoder.c in Sources */,
				11F2BDBD1653B32700F99072 /* hmac.c in Sources */,
				11F2BDBE1653B32700F99072 /* sha1.c in Sources */,
				113E163C1653AA5E00A225C2 /* NSMutableURLRequest+Parameters.m in Sources */,
				113E163D1653AA5E00A225C2 /* NSString+URLEncoding.m in Sources */,
				113E163E1653AA5E00A225C2 /* NSURL+Base.m in Sources */,
				113E163F1653AA5E00A225C2 /* OACall.m in Sources */,
				113E16401653AA5E00A225C2 /* OAConsumer.m in Sources */,
				113E16411653AA5E00A225C2 /* OADataFetcher.m in Sources */,
				113E16421653AA5E00A225C2 /* OAHMAC_SHA1SignatureProvider.m in Sources */,
				113E16431653AA5E00A225C2 /* OAMutableURLRequest.m in Sources */,
				113E16441653AA5E00A225C2 /* OAPlaintextSignatureProvider.m in Sources */,
				113E16451653AA5E00A225C2 /* OAProblem.m in Sources */,
				113E16461653AA5E00A225C2 /* OARequestParameter.m in Sources */,
				113E16471653AA5E00A225C2 /* OAServiceTicket.m in Sources */,
				113E16481653AA5E00A225C2 /* OAToken.m in Sources */,
				1D60589B0D05DD56006BFB54 /* main.m in Sources */,
				1D3623260D0F684500981E51 /* MaltineAppDelegate.m in Sources */,
				1144F94A121AEBDA0037FE71 /* NewsViewController.m in Sources */,
				1144F94F121AEBEE0037FE71 /* ReleaseViewController.m in Sources */,
				1144F954121AEC0C0037FE71 /* FavoritesViewController.m in Sources */,
				1144F9D5121D053C0037FE71 /* AlbumViewController.m in Sources */,
				1144FABE121E602F0037FE71 /* UIAsyncImageView.m in Sources */,
				1144FAE9121E6AA20037FE71 /* PlayerViewController.m in Sources */,
				11EC5E57121FB6F900F3DE68 /* MultilineTitleView.m in Sources */,
				11E335031225EBD700375172 /* AlbumTableViewCell.m in Sources */,
				11FBF429122D249C00D2F9CC /* AboutViewController.m in Sources */,
				11F7839F12A544D900430B56 /* SettingViewController.m in Sources */,
				110A511912AA4F40003365A3 /* UIAlertView+Helper.m in Sources */,
				11B1830F1356F3AC00F4A822 /* TweetCommentViewController.m in Sources */,
				1107D1AA13C7082900FF8EC0 /* TextListViewController.m in Sources */,
				11078AA613CB1BFE0054905E /* WebReaderViewController.m in Sources */,
				11FCD1661488B62300C5F651 /* AudioStreamer.m in Sources */,
				11152A03148A0F3900A86DA2 /* RCUIWindow.m in Sources */,
				113E16201653A9D200A225C2 /* MGTwitterEngine.m in Sources */,
				113E16211653A9D200A225C2 /* MGTwitterHTTPURLConnection.m in Sources */,
				113E162F1653AA0100A225C2 /* MGTwitterLibXMLParser.m in Sources */,
				113E16301653AA0100A225C2 /* MGTwitterStatusesLibXMLParser.m in Sources */,
				113E16311653AA0100A225C2 /* MGTwitterUsersLibXMLParser.m in Sources */,
				113E16321653AA0100A225C2 /* MGTwitterMessagesLibXMLParser.m in Sources */,
				113E16331653AA0100A225C2 /* MGTwitterMiscLibXMLParser.m in Sources */,
				113E16341653AA0100A225C2 /* MGTwitterSocialGraphLibXMLParser.m in Sources */,
				113E163A1653AA3200A225C2 /* NSString+UUID.m in Sources */,
				113E163B1653AA3200A225C2 /* NSData+Base64.m in Sources */,
			);
			runOnlyForDeploymentPostprocessing = 0;
		};
/* End PBXSourcesBuildPhase section */

/* Begin PBXVariantGroup section */
		1109187112C4AA8C00B90764 /* ReleaseViewController.xib */ = {
			isa = PBXVariantGroup;
			children = (
				1144F94E121AEBEE0037FE71 /* English */,
				1109187312C4AA9900B90764 /* Japanese */,
			);
			name = ReleaseViewController.xib;
			sourceTree = "<group>";
		};
		11D6DE2A123665C300017E7B /* Localizable.strings */ = {
			isa = PBXVariantGroup;
			children = (
				11D6DE281236657700017E7B /* English */,
				11D6DE2C123665D200017E7B /* Japanese */,
			);
			name = Localizable.strings;
			sourceTree = "<group>";
		};
		11D6DE2D1236662500017E7B /* MainWindow.xib */ = {
			isa = PBXVariantGroup;
			children = (
				28AD73870D9D96C1002E5188 /* English */,
				11D6DE2F1236662C00017E7B /* Japanese */,
			);
			name = MainWindow.xib;
			sourceTree = "<group>";
		};
/* End PBXVariantGroup section */

/* Begin XCBuildConfiguration section */
		1D6058940D05DD3E006BFB54 /* Debug */ = {
			isa = XCBuildConfiguration;
			buildSettings = {
				ALWAYS_SEARCH_USER_PATHS = NO;
				ARCHS = "$(ARCHS_STANDARD_32_BIT)";
				CLANG_ENABLE_OBJC_ARC = YES;
				CODE_SIGN_IDENTITY = "iPhone Developer: Yu Miyachika (FSFU6ANMXL)";
				"CODE_SIGN_IDENTITY[sdk=iphoneos*]" = "iPhone Developer: Yu Miyachika (FSFU6ANMXL)";
				COPY_PHASE_STRIP = NO;
				FRAMEWORK_SEARCH_PATHS = (
					"$(inherited)",
					"\"$(SRCROOT)/../../FacebookSDK\"",
				);
				GCC_DYNAMIC_NO_PIC = NO;
				GCC_OPTIMIZATION_LEVEL = 0;
				GCC_PRECOMPILE_PREFIX_HEADER = YES;
				GCC_PREFIX_HEADER = Maltine_Prefix.pch;
				GCC_THUMB_SUPPORT = NO;
				INFOPLIST_FILE = "Maltine-Info.plist";
				IPHONEOS_DEPLOYMENT_TARGET = 4.3;
				LIBRARY_SEARCH_PATHS = "$(inherited)";
				OTHER_LDFLAGS = "-lsqlite3.0";
				PRODUCT_NAME = Maltine;
				PROVISIONING_PROFILE = "89892EE8-B27B-4112-94AB-9207404AE5F5";
				"PROVISIONING_PROFILE[sdk=iphoneos*]" = "89892EE8-B27B-4112-94AB-9207404AE5F5";
				TARGETED_DEVICE_FAMILY = 1;
				VALID_ARCHS = "armv7 armv7s";
			};
			name = Debug;
		};
		1D6058950D05DD3E006BFB54 /* Release */ = {
			isa = XCBuildConfiguration;
			buildSettings = {
				ALWAYS_SEARCH_USER_PATHS = NO;
				ARCHS = "$(ARCHS_STANDARD_32_BIT)";
				CLANG_ENABLE_OBJC_ARC = YES;
				CODE_SIGN_IDENTITY = "iPhone Developer: Yu Miyachika (FSFU6ANMXL)";
				"CODE_SIGN_IDENTITY[sdk=iphoneos*]" = "iPhone Developer: Yu Miyachika (FSFU6ANMXL)";
				COPY_PHASE_STRIP = YES;
				FRAMEWORK_SEARCH_PATHS = (
					"$(inherited)",
					"\"$(SRCROOT)/../../FacebookSDK\"",
				);
				GCC_PRECOMPILE_PREFIX_HEADER = YES;
				GCC_PREFIX_HEADER = Maltine_Prefix.pch;
				GCC_THUMB_SUPPORT = NO;
				INFOPLIST_FILE = "Maltine-Info.plist";
				IPHONEOS_DEPLOYMENT_TARGET = 4.3;
				LIBRARY_SEARCH_PATHS = "$(inherited)";
				OTHER_LDFLAGS = "-lsqlite3.0";
				PRODUCT_NAME = Maltine;
				PROVISIONING_PROFILE = "89892EE8-B27B-4112-94AB-9207404AE5F5";
				"PROVISIONING_PROFILE[sdk=iphoneos*]" = "89892EE8-B27B-4112-94AB-9207404AE5F5";
				TARGETED_DEVICE_FAMILY = 1;
				VALIDATE_PRODUCT = YES;
				VALID_ARCHS = "armv7 armv7s";
			};
			name = Release;
		};
		C01FCF4F08A954540054247B /* Debug */ = {
			isa = XCBuildConfiguration;
			buildSettings = {
				ARCHS = "$(ARCHS_STANDARD_32_BIT)";
				CODE_SIGN_IDENTITY = "iPhone Developer: Yu Miyachika (FSFU6ANMXL)";
				"CODE_SIGN_IDENTITY[sdk=iphoneos*]" = "iPhone Developer: Yu Miyachika (FSFU6ANMXL)";
				GCC_C_LANGUAGE_STANDARD = c99;
				GCC_THUMB_SUPPORT = NO;
				GCC_WARN_ABOUT_RETURN_TYPE = YES;
				GCC_WARN_UNUSED_VARIABLE = YES;
				HEADER_SEARCH_PATHS = $SDKROOT/usr/include/libxml2;
				IPHONEOS_DEPLOYMENT_TARGET = 4.3;
				PROVISIONING_PROFILE = "89892EE8-B27B-4112-94AB-9207404AE5F5";
				"PROVISIONING_PROFILE[sdk=iphoneos*]" = "89892EE8-B27B-4112-94AB-9207404AE5F5";
				RUN_CLANG_STATIC_ANALYZER = YES;
				SDKROOT = iphoneos;
				VALID_ARCHS = "armv7 armv7s";
			};
			name = Debug;
		};
		C01FCF5008A954540054247B /* Release */ = {
			isa = XCBuildConfiguration;
			buildSettings = {
				ARCHS = "$(ARCHS_STANDARD_32_BIT)";
				CODE_SIGN_IDENTITY = "iPhone Developer: Yu Miyachika (FSFU6ANMXL)";
				"CODE_SIGN_IDENTITY[sdk=iphoneos*]" = "iPhone Developer: Yu Miyachika (FSFU6ANMXL)";
				GCC_C_LANGUAGE_STANDARD = c99;
				GCC_THUMB_SUPPORT = NO;
				GCC_WARN_ABOUT_RETURN_TYPE = YES;
				GCC_WARN_UNUSED_VARIABLE = YES;
				HEADER_SEARCH_PATHS = $SDKROOT/usr/include/libxml2;
				IPHONEOS_DEPLOYMENT_TARGET = 4.3;
				OTHER_CFLAGS = "-DNS_BLOCK_ASSERTIONS=1";
				PROVISIONING_PROFILE = "89892EE8-B27B-4112-94AB-9207404AE5F5";
				"PROVISIONING_PROFILE[sdk=iphoneos*]" = "89892EE8-B27B-4112-94AB-9207404AE5F5";
				SDKROOT = iphoneos;
				VALID_ARCHS = "armv7 armv7s";
			};
			name = Release;
		};
/* End XCBuildConfiguration section */

/* Begin XCConfigurationList section */
		1D6058960D05DD3E006BFB54 /* Build configuration list for PBXNativeTarget "Maltine" */ = {
			isa = XCConfigurationList;
			buildConfigurations = (
				1D6058940D05DD3E006BFB54 /* Debug */,
				1D6058950D05DD3E006BFB54 /* Release */,
			);
			defaultConfigurationIsVisible = 0;
			defaultConfigurationName = Release;
		};
		C01FCF4E08A954540054247B /* Build configuration list for PBXProject "Maltine" */ = {
			isa = XCConfigurationList;
			buildConfigurations = (
				C01FCF4F08A954540054247B /* Debug */,
				C01FCF5008A954540054247B /* Release */,
			);
			defaultConfigurationIsVisible = 0;
			defaultConfigurationName = Release;
		};
/* End XCConfigurationList section */
	};
	rootObject = 29B97313FDCFA39411CA2CEA /* Project object */;
}
